<?xml version="1.0" encoding="UTF-8"?>
<!DOCTYPE plist PUBLIC "-//Apple//DTD PLIST 1.0//EN" "http://www.apple.com/DTDs/PropertyList-1.0.dtd">
<plist version="1.0">
<dict>
	<key>archiveVersion</key>
	<string>1</string>
	<key>classes</key>
	<dict/>
	<key>objectVersion</key>
	<string>46</string>
	<key>objects</key>
	<dict>
		<key>9527E7861E9EBDD200833F04</key>
		<dict>
			<key>isa</key>
			<string>PBXFileReference</string>
			<key>lastKnownFileType</key>
			<string>wrapper.framework</string>
			<key>name</key>
			<string>Alamofire.framework</string>
			<key>path</key>
			<string>../Carthage/Build/iOS/Alamofire.framework</string>
			<key>sourceTree</key>
			<string>&lt;group&gt;</string>
		</dict>
		<key>9527E7881E9EBDDC00833F04</key>
		<dict>
			<key>children</key>
			<array>
				<string>957094AE1EA124E800268236</string>
			</array>
			<key>isa</key>
			<string>PBXGroup</string>
			<key>path</key>
			<string>Network</string>
			<key>sourceTree</key>
			<string>&lt;group&gt;</string>
		</dict>
		<key>953C2BE31E9EC22200FD99D4</key>
		<dict>
			<key>isa</key>
			<string>PBXFileReference</string>
			<key>lastKnownFileType</key>
			<string>wrapper.framework</string>
			<key>name</key>
			<string>Alamofire.framework</string>
			<key>path</key>
			<string>Carthage/Build/iOS/Alamofire.framework</string>
			<key>sourceTree</key>
			<string>&lt;group&gt;</string>
		</dict>
		<key>953C2BE41E9EC22200FD99D4</key>
		<dict>
			<key>fileRef</key>
			<string>953C2BE31E9EC22200FD99D4</string>
			<key>isa</key>
			<string>PBXBuildFile</string>
		</dict>
		<key>957094AE1EA124E800268236</key>
		<dict>
			<key>fileEncoding</key>
			<string>4</string>
			<key>isa</key>
			<string>PBXFileReference</string>
			<key>lastKnownFileType</key>
			<string>sourcecode.swift</string>
			<key>path</key>
			<string>ProductApi.swift</string>
			<key>sourceTree</key>
			<string>&lt;group&gt;</string>
		</dict>
		<key>957094AF1EA124E800268236</key>
		<dict>
			<key>fileRef</key>
			<string>957094AE1EA124E800268236</string>
			<key>isa</key>
			<string>PBXBuildFile</string>
		</dict>
		<key>957094B01EA163CF00268236</key>
		<dict>
			<key>isa</key>
			<string>PBXFileReference</string>
			<key>lastKnownFileType</key>
			<string>wrapper.framework</string>
			<key>name</key>
			<string>Kingfisher.framework</string>
			<key>path</key>
			<string>Carthage/Build/iOS/Kingfisher.framework</string>
			<key>sourceTree</key>
			<string>&lt;group&gt;</string>
		</dict>
		<key>957094B11EA163CF00268236</key>
		<dict>
			<key>fileRef</key>
			<string>957094B01EA163CF00268236</string>
			<key>isa</key>
			<string>PBXBuildFile</string>
		</dict>
		<key>957094B31EA16C4B00268236</key>
		<dict>
			<key>fileEncoding</key>
			<string>4</string>
			<key>isa</key>
			<string>PBXFileReference</string>
			<key>lastKnownFileType</key>
			<string>sourcecode.swift</string>
			<key>name</key>
			<string>ProductDetailViewController.swift</string>
			<key>path</key>
			<string>ProductDetailViewController.swift</string>
			<key>sourceTree</key>
			<string>&lt;group&gt;</string>
		</dict>
		<key>957094B51EA16C4B00268236</key>
		<dict>
			<key>fileRef</key>
			<string>957094B31EA16C4B00268236</string>
			<key>isa</key>
			<string>PBXBuildFile</string>
		</dict>
		<key>957094B91EA24DFC00268236</key>
		<dict>
			<key>isa</key>
			<string>PBXFileReference</string>
			<key>lastKnownFileType</key>
			<string>wrapper.framework</string>
			<key>name</key>
			<string>XLPagerTabStrip.framework</string>
			<key>path</key>
			<string>Carthage/Build/iOS/XLPagerTabStrip.framework</string>
			<key>sourceTree</key>
			<string>&lt;group&gt;</string>
		</dict>
		<key>957094BA1EA24DFC00268236</key>
		<dict>
			<key>fileRef</key>
			<string>957094B91EA24DFC00268236</string>
			<key>isa</key>
			<string>PBXBuildFile</string>
		</dict>
		<key>957094BD1EA2625A00268236</key>
		<dict>
			<key>fileEncoding</key>
			<string>4</string>
			<key>isa</key>
			<string>PBXFileReference</string>
			<key>lastKnownFileType</key>
			<string>file.storyboard</string>
			<key>path</key>
			<string>ProductDetailViewController.storyboard</string>
			<key>sourceTree</key>
			<string>&lt;group&gt;</string>
		</dict>
		<key>957094BE1EA2625A00268236</key>
		<dict>
			<key>fileRef</key>
			<string>957094BD1EA2625A00268236</string>
			<key>isa</key>
			<string>PBXBuildFile</string>
		</dict>
		<key>957094C01EA269B600268236</key>
		<dict>
			<key>children</key>
			<array>
				<string>957094C31EA26A1D00268236</string>
			</array>
			<key>isa</key>
			<string>PBXGroup</string>
			<key>name</key>
			<string>ProductButtonBar</string>
			<key>path</key>
			<string>ProductButtonBar</string>
			<key>sourceTree</key>
			<string>&lt;group&gt;</string>
		</dict>
		<key>957094C31EA26A1D00268236</key>
		<dict>
			<key>fileEncoding</key>
			<string>4</string>
			<key>isa</key>
			<string>PBXFileReference</string>
			<key>lastKnownFileType</key>
			<string>file.xib</string>
			<key>path</key>
			<string>ButtonBarView.xib</string>
			<key>sourceTree</key>
			<string>&lt;group&gt;</string>
		</dict>
		<key>957094C41EA26A1D00268236</key>
		<dict>
			<key>fileRef</key>
			<string>957094C31EA26A1D00268236</string>
			<key>isa</key>
			<string>PBXBuildFile</string>
		</dict>
		<key>957094C51EA26BFF00268236</key>
		<dict>
			<key>fileEncoding</key>
			<string>4</string>
			<key>isa</key>
			<string>PBXFileReference</string>
			<key>lastKnownFileType</key>
			<string>sourcecode.swift</string>
			<key>path</key>
			<string>ProductSummaryViewController.swift</string>
			<key>sourceTree</key>
			<string>&lt;group&gt;</string>
		</dict>
		<key>957094C61EA26BFF00268236</key>
		<dict>
			<key>fileRef</key>
			<string>957094C51EA26BFF00268236</string>
			<key>isa</key>
			<string>PBXBuildFile</string>
		</dict>
		<key>957094C71EA26C5B00268236</key>
		<dict>
			<key>fileEncoding</key>
			<string>4</string>
			<key>isa</key>
			<string>PBXFileReference</string>
			<key>lastKnownFileType</key>
			<string>sourcecode.swift</string>
			<key>path</key>
			<string>ProductIngredientsViewController.swift</string>
			<key>sourceTree</key>
			<string>&lt;group&gt;</string>
		</dict>
		<key>957094C81EA26C5B00268236</key>
		<dict>
			<key>fileRef</key>
			<string>957094C71EA26C5B00268236</string>
			<key>isa</key>
			<string>PBXBuildFile</string>
		</dict>
		<key>957094C91EA26C8800268236</key>
		<dict>
			<key>fileEncoding</key>
			<string>4</string>
			<key>isa</key>
			<string>PBXFileReference</string>
			<key>lastKnownFileType</key>
			<string>sourcecode.swift</string>
			<key>path</key>
			<string>ProductNutritionViewController.swift</string>
			<key>sourceTree</key>
			<string>&lt;group&gt;</string>
		</dict>
		<key>957094CA1EA26C8800268236</key>
		<dict>
			<key>fileRef</key>
			<string>957094C91EA26C8800268236</string>
			<key>isa</key>
			<string>PBXBuildFile</string>
		</dict>
		<key>957094D01EA2B1CA00268236</key>
		<dict>
			<key>children</key>
			<array>
				<string>957094BD1EA2625A00268236</string>
			</array>
			<key>isa</key>
			<string>PBXGroup</string>
			<key>name</key>
			<string>ProductDetailViewController</string>
			<key>path</key>
			<string>ProductDetailViewController</string>
			<key>sourceTree</key>
			<string>&lt;group&gt;</string>
		</dict>
		<key>957094D11EA2B1D400268236</key>
		<dict>
			<key>children</key>
			<array>
				<string>957094D21EA2B20800268236</string>
			</array>
			<key>isa</key>
			<string>PBXGroup</string>
			<key>name</key>
			<string>ProductSummary</string>
			<key>path</key>
			<string>ProductSummary</string>
			<key>sourceTree</key>
			<string>&lt;group&gt;</string>
		</dict>
		<key>957094D21EA2B20800268236</key>
		<dict>
			<key>fileEncoding</key>
			<string>4</string>
			<key>isa</key>
			<string>PBXFileReference</string>
			<key>lastKnownFileType</key>
			<string>file.storyboard</string>
			<key>path</key>
			<string>ProductSummaryViewController.storyboard</string>
			<key>sourceTree</key>
			<string>&lt;group&gt;</string>
		</dict>
		<key>957094D31EA2B20800268236</key>
		<dict>
			<key>fileRef</key>
			<string>957094D21EA2B20800268236</string>
			<key>isa</key>
			<string>PBXBuildFile</string>
		</dict>
		<key>957094D41EA2B46300268236</key>
		<dict>
			<key>children</key>
			<array>
				<string>957094D51EA2B47000268236</string>
			</array>
			<key>isa</key>
			<string>PBXGroup</string>
			<key>name</key>
			<string>ProductIngredients</string>
			<key>path</key>
			<string>ProductIngredients</string>
			<key>sourceTree</key>
			<string>&lt;group&gt;</string>
		</dict>
		<key>957094D51EA2B47000268236</key>
		<dict>
			<key>fileEncoding</key>
			<string>4</string>
			<key>isa</key>
			<string>PBXFileReference</string>
			<key>lastKnownFileType</key>
			<string>file.storyboard</string>
			<key>path</key>
			<string>ProductIngredientsViewController.storyboard</string>
			<key>sourceTree</key>
			<string>&lt;group&gt;</string>
		</dict>
		<key>957094D61EA2B47000268236</key>
		<dict>
			<key>fileRef</key>
			<string>957094D51EA2B47000268236</string>
			<key>isa</key>
			<string>PBXBuildFile</string>
		</dict>
		<key>957094D71EA2B4A400268236</key>
		<dict>
			<key>children</key>
			<array>
				<string>957094D81EA2B4B100268236</string>
			</array>
			<key>isa</key>
			<string>PBXGroup</string>
			<key>name</key>
			<string>ProductNutrition</string>
			<key>path</key>
			<string>ProductNutrition</string>
			<key>sourceTree</key>
			<string>&lt;group&gt;</string>
		</dict>
		<key>957094D81EA2B4B100268236</key>
		<dict>
			<key>fileEncoding</key>
			<string>4</string>
			<key>isa</key>
			<string>PBXFileReference</string>
			<key>lastKnownFileType</key>
			<string>file.storyboard</string>
			<key>path</key>
			<string>ProductNutritionViewController.storyboard</string>
			<key>sourceTree</key>
			<string>&lt;group&gt;</string>
		</dict>
		<key>957094D91EA2B4B100268236</key>
		<dict>
			<key>fileRef</key>
			<string>957094D81EA2B4B100268236</string>
			<key>isa</key>
			<string>PBXBuildFile</string>
		</dict>
		<key>95C265051E96D55B004212EC</key>
		<dict>
			<key>children</key>
			<array>
				<string>95C265231E96D5C2004212EC</string>
				<string>95C265101E96D55B004212EC</string>
				<string>95C2650F1E96D55B004212EC</string>
			</array>
			<key>isa</key>
			<string>PBXGroup</string>
			<key>sourceTree</key>
			<string>&lt;group&gt;</string>
		</dict>
		<key>95C265061E96D55B004212EC</key>
		<dict>
			<key>attributes</key>
			<dict>
				<key>LastSwiftUpdateCheck</key>
				<string>0830</string>
				<key>LastUpgradeCheck</key>
				<string>0830</string>
				<key>ORGANIZATIONNAME</key>
				<string>Andr&#233;s Piz&#225; B&#252;ckmann</string>
				<key>TargetAttributes</key>
				<dict>
					<key>95C2650D1E96D55B004212EC</key>
					<dict>
						<key>CreatedOnToolsVersion</key>
						<string>8.3</string>
						<key>DevelopmentTeam</key>
						<string>JVHN2X67GT</string>
						<key>ProvisioningStyle</key>
						<string>Automatic</string>
					</dict>
				</dict>
			</dict>
			<key>buildConfigurationList</key>
			<string>95C265091E96D55B004212EC</string>
			<key>compatibilityVersion</key>
			<string>Xcode 3.2</string>
			<key>developmentRegion</key>
			<string>English</string>
			<key>hasScannedForEncodings</key>
			<string>0</string>
			<key>isa</key>
			<string>PBXProject</string>
			<key>knownRegions</key>
			<array>
				<string>en</string>
				<string>Base</string>
			</array>
			<key>mainGroup</key>
			<string>95C265051E96D55B004212EC</string>
			<key>productRefGroup</key>
			<string>95C2650F1E96D55B004212EC</string>
			<key>projectDirPath</key>
			<string></string>
			<key>projectReferences</key>
			<array/>
			<key>projectRoot</key>
			<string></string>
			<key>targets</key>
			<array>
				<string>95C2650D1E96D55B004212EC</string>
			</array>
		</dict>
		<key>95C265091E96D55B004212EC</key>
		<dict>
			<key>buildConfigurations</key>
			<array>
				<string>95C2651E1E96D55B004212EC</string>
				<string>95C2651F1E96D55B004212EC</string>
			</array>
			<key>defaultConfigurationIsVisible</key>
			<string>0</string>
			<key>defaultConfigurationName</key>
			<string>Release</string>
			<key>isa</key>
			<string>XCConfigurationList</string>
		</dict>
		<key>95C2650A1E96D55B004212EC</key>
		<dict>
			<key>buildActionMask</key>
			<string>2147483647</string>
			<key>files</key>
			<array>
				<string>95C2652F1E9A7246004212EC</string>
				<string>95D6A7611E9C0B410017B423</string>
				<string>95C265291E96D6F0004212EC</string>
				<string>95D6A75D1E9C08520017B423</string>
				<string>95C368131E9FDCD1008BB582</string>
				<string>95C265121E96D55B004212EC</string>
				<string>95D6A7561E9A8CA20017B423</string>
				<string>957094CA1EA26C8800268236</string>
				<string>957094B51EA16C4B00268236</string>
				<string>95C368111E9FD95F008BB582</string>
				<string>957094AF1EA124E800268236</string>
				<string>95D6A7641E9C18FD0017B423</string>
				<string>957094C61EA26BFF00268236</string>
				<string>957094C81EA26C5B00268236</string>
			</array>
			<key>isa</key>
			<string>PBXSourcesBuildPhase</string>
			<key>runOnlyForDeploymentPostprocessing</key>
			<string>0</string>
		</dict>
		<key>95C2650B1E96D55B004212EC</key>
		<dict>
			<key>buildActionMask</key>
			<string>2147483647</string>
			<key>files</key>
			<array>
				<string>957094BA1EA24DFC00268236</string>
				<string>957094B11EA163CF00268236</string>
				<string>95C3680E1E9FD356008BB582</string>
				<string>95C3680F1E9FD35B008BB582</string>
				<string>95C2652D1E96DE6D004212EC</string>
				<string>95C265251E96D5C2004212EC</string>
				<string>953C2BE41E9EC22200FD99D4</string>
			</array>
			<key>isa</key>
			<string>PBXFrameworksBuildPhase</string>
			<key>runOnlyForDeploymentPostprocessing</key>
			<string>0</string>
		</dict>
		<key>95C2650C1E96D55B004212EC</key>
		<dict>
			<key>buildActionMask</key>
			<string>2147483647</string>
			<key>files</key>
			<array>
				<string>95D6A7691E9D54AF0017B423</string>
				<string>957094D61EA2B47000268236</string>
				<string>95C2651C1E96D55B004212EC</string>
				<string>957094BE1EA2625A00268236</string>
				<string>95D6A75E1E9C08520017B423</string>
				<string>957094D31EA2B20800268236</string>
				<string>95C265191E96D55B004212EC</string>
				<string>957094C41EA26A1D00268236</string>
				<string>957094D91EA2B4B100268236</string>
				<string>95C265171E96D55B004212EC</string>
			</array>
			<key>isa</key>
			<string>PBXResourcesBuildPhase</string>
			<key>runOnlyForDeploymentPostprocessing</key>
			<string>0</string>
		</dict>
		<key>95C2650D1E96D55B004212EC</key>
		<dict>
			<key>buildConfigurationList</key>
			<string>95C265201E96D55B004212EC</string>
			<key>buildPhases</key>
			<array>
				<string>95C2650A1E96D55B004212EC</string>
				<string>95C2650B1E96D55B004212EC</string>
				<string>95C2650C1E96D55B004212EC</string>
				<string>95C368081E9EC999008BB582</string>
			</array>
			<key>buildRules</key>
			<array/>
			<key>dependencies</key>
			<array/>
			<key>isa</key>
			<string>PBXNativeTarget</string>
			<key>name</key>
			<string>OpenFoodFacts</string>
			<key>productName</key>
			<string>OpenFoodFacts</string>
			<key>productReference</key>
			<string>95C2650E1E96D55B004212EC</string>
			<key>productType</key>
			<string>com.apple.product-type.application</string>
		</dict>
		<key>95C2650E1E96D55B004212EC</key>
		<dict>
			<key>explicitFileType</key>
			<string>wrapper.application</string>
			<key>includeInIndex</key>
			<string>0</string>
			<key>isa</key>
			<string>PBXFileReference</string>
			<key>path</key>
			<string>OpenFoodFacts.app</string>
			<key>sourceTree</key>
			<string>BUILT_PRODUCTS_DIR</string>
		</dict>
		<key>95C2650F1E96D55B004212EC</key>
		<dict>
			<key>children</key>
			<array>
				<string>95C2650E1E96D55B004212EC</string>
			</array>
			<key>isa</key>
			<string>PBXGroup</string>
			<key>name</key>
			<string>Products</string>
			<key>sourceTree</key>
			<string>&lt;group&gt;</string>
		</dict>
		<key>95C265101E96D55B004212EC</key>
		<dict>
			<key>children</key>
			<array>
				<string>95D6A7621E9C18F00017B423</string>
				<string>9527E7881E9EBDDC00833F04</string>
				<string>95C2652A1E96D6FA004212EC</string>
				<string>95D6A7591E9C080A0017B423</string>
				<string>95C265111E96D55B004212EC</string>
				<string>95C265181E96D55B004212EC</string>
				<string>95C2651D1E96D55B004212EC</string>
				<string>95C2651A1E96D55B004212EC</string>
				<string>95C265151E96D55B004212EC</string>
			</array>
			<key>isa</key>
			<string>PBXGroup</string>
			<key>path</key>
			<string>OpenFoodFacts</string>
			<key>sourceTree</key>
			<string>&lt;group&gt;</string>
		</dict>
		<key>95C265111E96D55B004212EC</key>
		<dict>
			<key>isa</key>
			<string>PBXFileReference</string>
			<key>lastKnownFileType</key>
			<string>sourcecode.swift</string>
			<key>path</key>
			<string>AppDelegate.swift</string>
			<key>sourceTree</key>
			<string>&lt;group&gt;</string>
		</dict>
		<key>95C265121E96D55B004212EC</key>
		<dict>
			<key>fileRef</key>
			<string>95C265111E96D55B004212EC</string>
			<key>isa</key>
			<string>PBXBuildFile</string>
		</dict>
		<key>95C265151E96D55B004212EC</key>
		<dict>
			<key>children</key>
			<array>
				<string>95C265161E96D55B004212EC</string>
			</array>
			<key>isa</key>
			<string>PBXVariantGroup</string>
			<key>name</key>
			<string>Main.storyboard</string>
			<key>path</key>
			<string>.</string>
			<key>sourceTree</key>
			<string>&lt;group&gt;</string>
		</dict>
		<key>95C265161E96D55B004212EC</key>
		<dict>
			<key>isa</key>
			<string>PBXFileReference</string>
			<key>lastKnownFileType</key>
			<string>file.storyboard</string>
			<key>name</key>
			<string>Base</string>
			<key>path</key>
			<string>Base.lproj/Main.storyboard</string>
			<key>sourceTree</key>
			<string>&lt;group&gt;</string>
		</dict>
		<key>95C265171E96D55B004212EC</key>
		<dict>
			<key>fileRef</key>
			<string>95C265151E96D55B004212EC</string>
			<key>isa</key>
			<string>PBXBuildFile</string>
		</dict>
		<key>95C265181E96D55B004212EC</key>
		<dict>
			<key>isa</key>
			<string>PBXFileReference</string>
			<key>lastKnownFileType</key>
			<string>folder.assetcatalog</string>
			<key>path</key>
			<string>Assets.xcassets</string>
			<key>sourceTree</key>
			<string>&lt;group&gt;</string>
		</dict>
		<key>95C265191E96D55B004212EC</key>
		<dict>
			<key>fileRef</key>
			<string>95C265181E96D55B004212EC</string>
			<key>isa</key>
			<string>PBXBuildFile</string>
		</dict>
		<key>95C2651A1E96D55B004212EC</key>
		<dict>
			<key>children</key>
			<array>
				<string>95C2651B1E96D55B004212EC</string>
			</array>
			<key>isa</key>
			<string>PBXVariantGroup</string>
			<key>name</key>
			<string>LaunchScreen.storyboard</string>
			<key>path</key>
			<string>.</string>
			<key>sourceTree</key>
			<string>&lt;group&gt;</string>
		</dict>
		<key>95C2651B1E96D55B004212EC</key>
		<dict>
			<key>isa</key>
			<string>PBXFileReference</string>
			<key>lastKnownFileType</key>
			<string>file.storyboard</string>
			<key>name</key>
			<string>Base</string>
			<key>path</key>
			<string>Base.lproj/LaunchScreen.storyboard</string>
			<key>sourceTree</key>
			<string>&lt;group&gt;</string>
		</dict>
		<key>95C2651C1E96D55B004212EC</key>
		<dict>
			<key>fileRef</key>
			<string>95C2651A1E96D55B004212EC</string>
			<key>isa</key>
			<string>PBXBuildFile</string>
		</dict>
		<key>95C2651D1E96D55B004212EC</key>
		<dict>
			<key>isa</key>
			<string>PBXFileReference</string>
			<key>lastKnownFileType</key>
			<string>text.plist.xml</string>
			<key>path</key>
			<string>Info.plist</string>
			<key>sourceTree</key>
			<string>&lt;group&gt;</string>
		</dict>
		<key>95C2651E1E96D55B004212EC</key>
		<dict>
			<key>buildSettings</key>
			<dict>
				<key>ALWAYS_SEARCH_USER_PATHS</key>
				<string>NO</string>
				<key>CLANG_ANALYZER_NONNULL</key>
				<string>YES</string>
				<key>CLANG_ANALYZER_NUMBER_OBJECT_CONVERSION</key>
				<string>YES_AGGRESSIVE</string>
				<key>CLANG_CXX_LANGUAGE_STANDARD</key>
				<string>gnu++0x</string>
				<key>CLANG_CXX_LIBRARY</key>
				<string>libc++</string>
				<key>CLANG_ENABLE_MODULES</key>
				<string>YES</string>
				<key>CLANG_ENABLE_OBJC_ARC</key>
				<string>YES</string>
				<key>CLANG_WARN_BOOL_CONVERSION</key>
				<string>YES</string>
				<key>CLANG_WARN_CONSTANT_CONVERSION</key>
				<string>YES</string>
				<key>CLANG_WARN_DIRECT_OBJC_ISA_USAGE</key>
				<string>YES_ERROR</string>
				<key>CLANG_WARN_DOCUMENTATION_COMMENTS</key>
				<string>YES</string>
				<key>CLANG_WARN_EMPTY_BODY</key>
				<string>YES</string>
				<key>CLANG_WARN_ENUM_CONVERSION</key>
				<string>YES</string>
				<key>CLANG_WARN_INFINITE_RECURSION</key>
				<string>YES</string>
				<key>CLANG_WARN_INT_CONVERSION</key>
				<string>YES</string>
				<key>CLANG_WARN_OBJC_ROOT_CLASS</key>
				<string>YES_ERROR</string>
				<key>CLANG_WARN_SUSPICIOUS_MOVE</key>
				<string>YES</string>
				<key>CLANG_WARN_UNREACHABLE_CODE</key>
				<string>YES</string>
				<key>CLANG_WARN__DUPLICATE_METHOD_MATCH</key>
				<string>YES</string>
				<key>CODE_SIGN_IDENTITY[sdk=iphoneos*]</key>
				<string>iPhone Developer</string>
				<key>COPY_PHASE_STRIP</key>
				<string>NO</string>
				<key>DEBUG_INFORMATION_FORMAT</key>
				<string>dwarf</string>
				<key>ENABLE_STRICT_OBJC_MSGSEND</key>
				<string>YES</string>
				<key>ENABLE_TESTABILITY</key>
				<string>YES</string>
				<key>GCC_C_LANGUAGE_STANDARD</key>
				<string>gnu99</string>
				<key>GCC_DYNAMIC_NO_PIC</key>
				<string>NO</string>
				<key>GCC_NO_COMMON_BLOCKS</key>
				<string>YES</string>
				<key>GCC_OPTIMIZATION_LEVEL</key>
				<string>0</string>
				<key>GCC_PREPROCESSOR_DEFINITIONS</key>
				<array>
					<string>DEBUG=1</string>
					<string>$(inherited)</string>
				</array>
				<key>GCC_WARN_64_TO_32_BIT_CONVERSION</key>
				<string>YES</string>
				<key>GCC_WARN_ABOUT_RETURN_TYPE</key>
				<string>YES_ERROR</string>
				<key>GCC_WARN_UNDECLARED_SELECTOR</key>
				<string>YES</string>
				<key>GCC_WARN_UNINITIALIZED_AUTOS</key>
				<string>YES_AGGRESSIVE</string>
				<key>GCC_WARN_UNUSED_FUNCTION</key>
				<string>YES</string>
				<key>GCC_WARN_UNUSED_VARIABLE</key>
				<string>YES</string>
				<key>IPHONEOS_DEPLOYMENT_TARGET</key>
				<string>10.3</string>
				<key>MTL_ENABLE_DEBUG_INFO</key>
				<string>YES</string>
				<key>ONLY_ACTIVE_ARCH</key>
				<string>YES</string>
				<key>SDKROOT</key>
				<string>iphoneos</string>
				<key>SWIFT_ACTIVE_COMPILATION_CONDITIONS</key>
				<string>DEBUG</string>
				<key>SWIFT_OPTIMIZATION_LEVEL</key>
				<string>-Onone</string>
			</dict>
			<key>isa</key>
			<string>XCBuildConfiguration</string>
			<key>name</key>
			<string>Debug</string>
		</dict>
		<key>95C2651F1E96D55B004212EC</key>
		<dict>
			<key>buildSettings</key>
			<dict>
				<key>ALWAYS_SEARCH_USER_PATHS</key>
				<string>NO</string>
				<key>CLANG_ANALYZER_NONNULL</key>
				<string>YES</string>
				<key>CLANG_ANALYZER_NUMBER_OBJECT_CONVERSION</key>
				<string>YES_AGGRESSIVE</string>
				<key>CLANG_CXX_LANGUAGE_STANDARD</key>
				<string>gnu++0x</string>
				<key>CLANG_CXX_LIBRARY</key>
				<string>libc++</string>
				<key>CLANG_ENABLE_MODULES</key>
				<string>YES</string>
				<key>CLANG_ENABLE_OBJC_ARC</key>
				<string>YES</string>
				<key>CLANG_WARN_BOOL_CONVERSION</key>
				<string>YES</string>
				<key>CLANG_WARN_CONSTANT_CONVERSION</key>
				<string>YES</string>
				<key>CLANG_WARN_DIRECT_OBJC_ISA_USAGE</key>
				<string>YES_ERROR</string>
				<key>CLANG_WARN_DOCUMENTATION_COMMENTS</key>
				<string>YES</string>
				<key>CLANG_WARN_EMPTY_BODY</key>
				<string>YES</string>
				<key>CLANG_WARN_ENUM_CONVERSION</key>
				<string>YES</string>
				<key>CLANG_WARN_INFINITE_RECURSION</key>
				<string>YES</string>
				<key>CLANG_WARN_INT_CONVERSION</key>
				<string>YES</string>
				<key>CLANG_WARN_OBJC_ROOT_CLASS</key>
				<string>YES_ERROR</string>
				<key>CLANG_WARN_SUSPICIOUS_MOVE</key>
				<string>YES</string>
				<key>CLANG_WARN_UNREACHABLE_CODE</key>
				<string>YES</string>
				<key>CLANG_WARN__DUPLICATE_METHOD_MATCH</key>
				<string>YES</string>
				<key>CODE_SIGN_IDENTITY[sdk=iphoneos*]</key>
				<string>iPhone Developer</string>
				<key>COPY_PHASE_STRIP</key>
				<string>NO</string>
				<key>DEBUG_INFORMATION_FORMAT</key>
				<string>dwarf-with-dsym</string>
				<key>ENABLE_NS_ASSERTIONS</key>
				<string>NO</string>
				<key>ENABLE_STRICT_OBJC_MSGSEND</key>
				<string>YES</string>
				<key>GCC_C_LANGUAGE_STANDARD</key>
				<string>gnu99</string>
				<key>GCC_NO_COMMON_BLOCKS</key>
				<string>YES</string>
				<key>GCC_WARN_64_TO_32_BIT_CONVERSION</key>
				<string>YES</string>
				<key>GCC_WARN_ABOUT_RETURN_TYPE</key>
				<string>YES_ERROR</string>
				<key>GCC_WARN_UNDECLARED_SELECTOR</key>
				<string>YES</string>
				<key>GCC_WARN_UNINITIALIZED_AUTOS</key>
				<string>YES_AGGRESSIVE</string>
				<key>GCC_WARN_UNUSED_FUNCTION</key>
				<string>YES</string>
				<key>GCC_WARN_UNUSED_VARIABLE</key>
				<string>YES</string>
				<key>IPHONEOS_DEPLOYMENT_TARGET</key>
				<string>10.3</string>
				<key>MTL_ENABLE_DEBUG_INFO</key>
				<string>NO</string>
				<key>SDKROOT</key>
				<string>iphoneos</string>
				<key>SWIFT_OPTIMIZATION_LEVEL</key>
				<string>-Owholemodule</string>
				<key>VALIDATE_PRODUCT</key>
				<string>YES</string>
			</dict>
			<key>isa</key>
			<string>XCBuildConfiguration</string>
			<key>name</key>
			<string>Release</string>
		</dict>
		<key>95C265201E96D55B004212EC</key>
		<dict>
			<key>buildConfigurations</key>
			<array>
				<string>95C265211E96D55B004212EC</string>
				<string>95C265221E96D55B004212EC</string>
			</array>
			<key>defaultConfigurationIsVisible</key>
			<string>0</string>
			<key>defaultConfigurationName</key>
			<string>Release</string>
			<key>isa</key>
			<string>XCConfigurationList</string>
		</dict>
		<key>95C265211E96D55B004212EC</key>
		<dict>
			<key>buildSettings</key>
			<dict>
				<key>ASSETCATALOG_COMPILER_APPICON_NAME</key>
				<string>AppIcon</string>
				<key>DEVELOPMENT_TEAM</key>
				<string>JVHN2X67GT</string>
				<key>FRAMEWORK_SEARCH_PATHS</key>
				<string>$(PROJECT_DIR)/Carthage/Build/iOS</string>
				<key>INFOPLIST_FILE</key>
				<string>OpenFoodFacts/Info.plist</string>
				<key>LD_RUNPATH_SEARCH_PATHS</key>
				<string>$(inherited) @executable_path/Frameworks</string>
				<key>PRODUCT_BUNDLE_IDENTIFIER</key>
				<string>org.openfoodfacts.OpenFoodFacts</string>
				<key>PRODUCT_NAME</key>
				<string>$(TARGET_NAME)</string>
				<key>SWIFT_VERSION</key>
				<string>3.0</string>
			</dict>
			<key>isa</key>
			<string>XCBuildConfiguration</string>
			<key>name</key>
			<string>Debug</string>
		</dict>
		<key>95C265221E96D55B004212EC</key>
		<dict>
			<key>buildSettings</key>
			<dict>
				<key>ASSETCATALOG_COMPILER_APPICON_NAME</key>
				<string>AppIcon</string>
				<key>DEVELOPMENT_TEAM</key>
				<string>JVHN2X67GT</string>
				<key>FRAMEWORK_SEARCH_PATHS</key>
				<string>$(PROJECT_DIR)/Carthage/Build/iOS</string>
				<key>INFOPLIST_FILE</key>
				<string>OpenFoodFacts/Info.plist</string>
				<key>LD_RUNPATH_SEARCH_PATHS</key>
				<string>$(inherited) @executable_path/Frameworks</string>
				<key>PRODUCT_BUNDLE_IDENTIFIER</key>
				<string>org.openfoodfacts.OpenFoodFacts</string>
				<key>PRODUCT_NAME</key>
				<string>$(TARGET_NAME)</string>
				<key>SWIFT_VERSION</key>
				<string>3.0</string>
			</dict>
			<key>isa</key>
			<string>XCBuildConfiguration</string>
			<key>name</key>
			<string>Release</string>
		</dict>
		<key>95C265231E96D5C2004212EC</key>
		<dict>
			<key>children</key>
			<array>
				<string>957094B91EA24DFC00268236</string>
				<string>957094B01EA163CF00268236</string>
				<string>95C3680D1E9FD356008BB582</string>
				<string>95C3680B1E9FCA79008BB582</string>
				<string>95C368091E9ECC0C008BB582</string>
				<string>953C2BE31E9EC22200FD99D4</string>
				<string>9527E7861E9EBDD200833F04</string>
				<string>95C2652C1E96DE6D004212EC</string>
				<string>95C265241E96D5C2004212EC</string>
			</array>
			<key>isa</key>
			<string>PBXGroup</string>
			<key>name</key>
			<string>Frameworks</string>
			<key>sourceTree</key>
			<string>&lt;group&gt;</string>
		</dict>
		<key>95C265241E96D5C2004212EC</key>
		<dict>
			<key>isa</key>
			<string>PBXFileReference</string>
			<key>lastKnownFileType</key>
			<string>wrapper.framework</string>
			<key>name</key>
			<string>AVFoundation.framework</string>
			<key>path</key>
			<string>System/Library/Frameworks/AVFoundation.framework</string>
			<key>sourceTree</key>
			<string>SDKROOT</string>
		</dict>
		<key>95C265251E96D5C2004212EC</key>
		<dict>
			<key>fileRef</key>
			<string>95C265241E96D5C2004212EC</string>
			<key>isa</key>
			<string>PBXBuildFile</string>
		</dict>
		<key>95C265281E96D6F0004212EC</key>
		<dict>
			<key>fileEncoding</key>
			<string>4</string>
			<key>isa</key>
			<string>PBXFileReference</string>
			<key>lastKnownFileType</key>
			<string>sourcecode.swift</string>
			<key>path</key>
			<string>CameraViewController.swift</string>
			<key>sourceTree</key>
			<string>&lt;group&gt;</string>
		</dict>
		<key>95C265291E96D6F0004212EC</key>
		<dict>
			<key>fileRef</key>
			<string>95C265281E96D6F0004212EC</string>
			<key>isa</key>
			<string>PBXBuildFile</string>
		</dict>
		<key>95C2652A1E96D6FA004212EC</key>
		<dict>
			<key>children</key>
			<array>
				<string>95C2652B1E96D705004212EC</string>
				<string>95D6A75F1E9C0B2F0017B423</string>
			</array>
			<key>isa</key>
			<string>PBXGroup</string>
			<key>path</key>
			<string>ViewControllers</string>
			<key>sourceTree</key>
			<string>&lt;group&gt;</string>
		</dict>
		<key>95C2652B1E96D705004212EC</key>
		<dict>
			<key>children</key>
			<array>
				<string>95C265281E96D6F0004212EC</string>
				<string>957094B31EA16C4B00268236</string>
				<string>957094C71EA26C5B00268236</string>
				<string>957094C91EA26C8800268236</string>
				<string>957094C51EA26BFF00268236</string>
				<string>95C2652E1E9A7246004212EC</string>
				<string>95D6A7551E9A8CA20017B423</string>
			</array>
			<key>isa</key>
			<string>PBXGroup</string>
			<key>path</key>
			<string>Products</string>
			<key>sourceTree</key>
			<string>&lt;group&gt;</string>
		</dict>
		<key>95C2652C1E96DE6D004212EC</key>
		<dict>
			<key>isa</key>
			<string>PBXFileReference</string>
			<key>lastKnownFileType</key>
			<string>wrapper.framework</string>
			<key>name</key>
			<string>MobileCoreServices.framework</string>
			<key>path</key>
			<string>System/Library/Frameworks/MobileCoreServices.framework</string>
			<key>sourceTree</key>
			<string>SDKROOT</string>
		</dict>
		<key>95C2652D1E96DE6D004212EC</key>
		<dict>
			<key>fileRef</key>
			<string>95C2652C1E96DE6D004212EC</string>
			<key>isa</key>
			<string>PBXBuildFile</string>
		</dict>
		<key>95C2652E1E9A7246004212EC</key>
		<dict>
			<key>fileEncoding</key>
			<string>4</string>
			<key>isa</key>
			<string>PBXFileReference</string>
			<key>lastKnownFileType</key>
			<string>sourcecode.swift</string>
			<key>path</key>
			<string>ProductsViewController.swift</string>
			<key>sourceTree</key>
			<string>&lt;group&gt;</string>
		</dict>
		<key>95C2652F1E9A7246004212EC</key>
		<dict>
			<key>fileRef</key>
			<string>95C2652E1E9A7246004212EC</string>
			<key>isa</key>
			<string>PBXBuildFile</string>
		</dict>
		<key>95C368081E9EC999008BB582</key>
		<dict>
			<key>buildActionMask</key>
			<string>2147483647</string>
			<key>files</key>
			<array/>
			<key>inputPaths</key>
			<array>
				<string>$(SRCROOT)/Carthage/Build/iOS/Alamofire.framework</string>
				<string>$(SRCROOT)/Carthage/Build/iOS/AlamofireObjectMapper.framework</string>
				<string>$(SRCROOT)/Carthage/Build/iOS/ObjectMapper.framework</string>
				<string>$(SRCROOT)/Carthage/Build/iOS/Kingfisher.framework</string>
				<string>$(SRCROOT)/Carthage/Build/iOS/XLPagerTabStrip.framework</string>
			</array>
			<key>isa</key>
			<string>PBXShellScriptBuildPhase</string>
			<key>outputPaths</key>
			<array/>
			<key>runOnlyForDeploymentPostprocessing</key>
			<string>0</string>
			<key>shellPath</key>
			<string>/bin/sh</string>
			<key>shellScript</key>
			<string>/usr/local/bin/carthage copy-frameworks</string>
		</dict>
		<key>95C368091E9ECC0C008BB582</key>
		<dict>
			<key>isa</key>
			<string>PBXFileReference</string>
			<key>lastKnownFileType</key>
			<string>wrapper.framework</string>
			<key>name</key>
			<string>ObjectMapper.framework</string>
			<key>path</key>
			<string>Carthage/Build/iOS/ObjectMapper.framework</string>
			<key>sourceTree</key>
			<string>&lt;group&gt;</string>
		</dict>
		<key>95C3680B1E9FCA79008BB582</key>
		<dict>
			<key>isa</key>
			<string>PBXFileReference</string>
			<key>lastKnownFileType</key>
			<string>wrapper.framework</string>
			<key>name</key>
			<string>SwiftyJSON.framework</string>
			<key>path</key>
			<string>Carthage/Build/iOS/SwiftyJSON.framework</string>
			<key>sourceTree</key>
			<string>&lt;group&gt;</string>
		</dict>
		<key>95C3680D1E9FD356008BB582</key>
		<dict>
			<key>isa</key>
			<string>PBXFileReference</string>
			<key>lastKnownFileType</key>
			<string>wrapper.framework</string>
			<key>name</key>
			<string>AlamofireObjectMapper.framework</string>
			<key>path</key>
			<string>Carthage/Build/iOS/AlamofireObjectMapper.framework</string>
			<key>sourceTree</key>
			<string>&lt;group&gt;</string>
		</dict>
		<key>95C3680E1E9FD356008BB582</key>
		<dict>
			<key>fileRef</key>
			<string>95C3680D1E9FD356008BB582</string>
			<key>isa</key>
			<string>PBXBuildFile</string>
		</dict>
		<key>95C3680F1E9FD35B008BB582</key>
		<dict>
			<key>fileRef</key>
			<string>95C368091E9ECC0C008BB582</string>
			<key>isa</key>
			<string>PBXBuildFile</string>
		</dict>
		<key>95C368101E9FD95F008BB582</key>
		<dict>
			<key>fileEncoding</key>
			<string>4</string>
			<key>isa</key>
			<string>PBXFileReference</string>
			<key>lastKnownFileType</key>
			<string>sourcecode.swift</string>
			<key>path</key>
			<string>ProductsResponse.swift</string>
			<key>sourceTree</key>
			<string>&lt;group&gt;</string>
		</dict>
		<key>95C368111E9FD95F008BB582</key>
		<dict>
			<key>fileRef</key>
			<string>95C368101E9FD95F008BB582</string>
			<key>isa</key>
			<string>PBXBuildFile</string>
		</dict>
		<key>95C368121E9FDCD1008BB582</key>
		<dict>
			<key>fileEncoding</key>
			<string>4</string>
			<key>isa</key>
			<string>PBXFileReference</string>
			<key>lastKnownFileType</key>
			<string>sourcecode.swift</string>
			<key>path</key>
			<string>OFFReadAPIkeysJSON.swift</string>
			<key>sourceTree</key>
			<string>&lt;group&gt;</string>
		</dict>
		<key>95C368131E9FDCD1008BB582</key>
		<dict>
			<key>fileRef</key>
			<string>95C368121E9FDCD1008BB582</string>
			<key>isa</key>
			<string>PBXBuildFile</string>
		</dict>
		<key>95D6A7551E9A8CA20017B423</key>
		<dict>
			<key>fileEncoding</key>
			<string>4</string>
			<key>isa</key>
			<string>PBXFileReference</string>
			<key>lastKnownFileType</key>
			<string>sourcecode.swift</string>
			<key>path</key>
			<string>ScannerViewController.swift</string>
			<key>sourceTree</key>
			<string>&lt;group&gt;</string>
		</dict>
		<key>95D6A7561E9A8CA20017B423</key>
		<dict>
			<key>fileRef</key>
			<string>95D6A7551E9A8CA20017B423</string>
			<key>isa</key>
			<string>PBXBuildFile</string>
		</dict>
		<key>95D6A7591E9C080A0017B423</key>
		<dict>
			<key>children</key>
			<array>
				<string>95D6A7671E9D54890017B423</string>
				<string>957094C01EA269B600268236</string>
				<string>957094D01EA2B1CA00268236</string>
				<string>957094D41EA2B46300268236</string>
				<string>957094D71EA2B4A400268236</string>
				<string>957094D11EA2B1D400268236</string>
				<string>95D6A75A1E9C081B0017B423</string>
			</array>
			<key>isa</key>
			<string>PBXGroup</string>
			<key>path</key>
			<string>Views</string>
			<key>sourceTree</key>
			<string>&lt;group&gt;</string>
		</dict>
		<key>95D6A75A1E9C081B0017B423</key>
		<dict>
			<key>children</key>
			<array>
				<string>95D6A75B1E9C08520017B423</string>
				<string>95D6A75C1E9C08520017B423</string>
			</array>
			<key>isa</key>
			<string>PBXGroup</string>
			<key>path</key>
			<string>ProductTableViewCell</string>
			<key>sourceTree</key>
			<string>&lt;group&gt;</string>
		</dict>
		<key>95D6A75B1E9C08520017B423</key>
		<dict>
			<key>fileEncoding</key>
			<string>4</string>
			<key>isa</key>
			<string>PBXFileReference</string>
			<key>lastKnownFileType</key>
			<string>sourcecode.swift</string>
			<key>path</key>
			<string>ProductTableViewCell.swift</string>
			<key>sourceTree</key>
			<string>&lt;group&gt;</string>
		</dict>
		<key>95D6A75C1E9C08520017B423</key>
		<dict>
			<key>fileEncoding</key>
			<string>4</string>
			<key>isa</key>
			<string>PBXFileReference</string>
			<key>lastKnownFileType</key>
			<string>file.xib</string>
			<key>path</key>
			<string>ProductTableViewCell.xib</string>
			<key>sourceTree</key>
			<string>&lt;group&gt;</string>
		</dict>
		<key>95D6A75D1E9C08520017B423</key>
		<dict>
			<key>fileRef</key>
			<string>95D6A75B1E9C08520017B423</string>
			<key>isa</key>
			<string>PBXBuildFile</string>
		</dict>
		<key>95D6A75E1E9C08520017B423</key>
		<dict>
			<key>fileRef</key>
			<string>95D6A75C1E9C08520017B423</string>
			<key>isa</key>
			<string>PBXBuildFile</string>
		</dict>
		<key>95D6A75F1E9C0B2F0017B423</key>
		<dict>
			<key>children</key>
			<array>
				<string>95D6A7601E9C0B410017B423</string>
			</array>
			<key>isa</key>
			<string>PBXGroup</string>
			<key>path</key>
			<string>Search</string>
			<key>sourceTree</key>
			<string>&lt;group&gt;</string>
		</dict>
		<key>95D6A7601E9C0B410017B423</key>
		<dict>
			<key>fileEncoding</key>
			<string>4</string>
			<key>isa</key>
			<string>PBXFileReference</string>
			<key>lastKnownFileType</key>
			<string>sourcecode.swift</string>
			<key>path</key>
			<string>SearchTableViewController.swift</string>
			<key>sourceTree</key>
			<string>&lt;group&gt;</string>
		</dict>
		<key>95D6A7611E9C0B410017B423</key>
		<dict>
			<key>fileRef</key>
			<string>95D6A7601E9C0B410017B423</string>
			<key>isa</key>
			<string>PBXBuildFile</string>
		</dict>
		<key>95D6A7621E9C18F00017B423</key>
		<dict>
			<key>children</key>
			<array>
				<string>95C368121E9FDCD1008BB582</string>
				<string>95D6A7631E9C18FD0017B423</string>
				<string>95C368101E9FD95F008BB582</string>
			</array>
			<key>isa</key>
			<string>PBXGroup</string>
			<key>path</key>
			<string>Models</string>
			<key>sourceTree</key>
			<string>&lt;group&gt;</string>
		</dict>
		<key>95D6A7631E9C18FD0017B423</key>
		<dict>
			<key>fileEncoding</key>
			<string>4</string>
			<key>isa</key>
			<string>PBXFileReference</string>
			<key>lastKnownFileType</key>
			<string>sourcecode.swift</string>
			<key>path</key>
			<string>Product.swift</string>
			<key>sourceTree</key>
			<string>&lt;group&gt;</string>
		</dict>
		<key>95D6A7641E9C18FD0017B423</key>
		<dict>
			<key>fileRef</key>
			<string>95D6A7631E9C18FD0017B423</string>
			<key>isa</key>
			<string>PBXBuildFile</string>
		</dict>
		<key>95D6A7671E9D54890017B423</key>
		<dict>
			<key>children</key>
			<array>
				<string>95D6A7681E9D54AF0017B423</string>
			</array>
			<key>isa</key>
			<string>PBXGroup</string>
			<key>path</key>
			<string>EmptyProductsView</string>
			<key>sourceTree</key>
			<string>&lt;group&gt;</string>
		</dict>
		<key>95D6A7681E9D54AF0017B423</key>
		<dict>
			<key>fileEncoding</key>
			<string>4</string>
			<key>isa</key>
			<string>PBXFileReference</string>
			<key>lastKnownFileType</key>
			<string>file.xib</string>
			<key>path</key>
			<string>EmptyProductsView.xib</string>
			<key>sourceTree</key>
			<string>&lt;group&gt;</string>
		</dict>
		<key>95D6A7691E9D54AF0017B423</key>
		<dict>
			<key>fileRef</key>
			<string>95D6A7681E9D54AF0017B423</string>
			<key>isa</key>
			<string>PBXBuildFile</string>
		</dict>
	</dict>
	<key>rootObject</key>
	<string>95C265061E96D55B004212EC</string>
</dict>
</plist>
