// !$*UTF8*$!
{
	archiveVersion = 1;
	classes = {
	};
	objectVersion = 46;
	objects = {

/* Begin PBXBuildFile section */
		953C2BE41E9EC22200FD99D4 /* Alamofire.framework in Frameworks */ = {isa = PBXBuildFile; fileRef = 953C2BE31E9EC22200FD99D4 /* Alamofire.framework */; };
		953F0E391EAB8CBC006C60F6 /* ProductInfo.swift in Sources */ = {isa = PBXBuildFile; fileRef = 953F0E381EAB8CBC006C60F6 /* ProductInfo.swift */; };
		957094AF1EA124E800268236 /* ProductService.swift in Sources */ = {isa = PBXBuildFile; fileRef = 957094AE1EA124E800268236 /* ProductService.swift */; };
		957094B11EA163CF00268236 /* Kingfisher.framework in Frameworks */ = {isa = PBXBuildFile; fileRef = 957094B01EA163CF00268236 /* Kingfisher.framework */; };
		957094B51EA16C4B00268236 /* ProductDetailViewController.swift in Sources */ = {isa = PBXBuildFile; fileRef = 957094B31EA16C4B00268236 /* ProductDetailViewController.swift */; };
		957094BA1EA24DFC00268236 /* XLPagerTabStrip.framework in Frameworks */ = {isa = PBXBuildFile; fileRef = 957094B91EA24DFC00268236 /* XLPagerTabStrip.framework */; };
		957094BE1EA2625A00268236 /* ProductDetailViewController.storyboard in Resources */ = {isa = PBXBuildFile; fileRef = 957094BD1EA2625A00268236 /* ProductDetailViewController.storyboard */; };
		957094C41EA26A1D00268236 /* ButtonBarView.xib in Resources */ = {isa = PBXBuildFile; fileRef = 957094C31EA26A1D00268236 /* ButtonBarView.xib */; };
		957094C61EA26BFF00268236 /* ProductSummaryTableViewController.swift in Sources */ = {isa = PBXBuildFile; fileRef = 957094C51EA26BFF00268236 /* ProductSummaryTableViewController.swift */; };
		957094C81EA26C5B00268236 /* ProductIngredientsViewController.swift in Sources */ = {isa = PBXBuildFile; fileRef = 957094C71EA26C5B00268236 /* ProductIngredientsViewController.swift */; };
		957094CA1EA26C8800268236 /* ProductNutritionViewController.swift in Sources */ = {isa = PBXBuildFile; fileRef = 957094C91EA26C8800268236 /* ProductNutritionViewController.swift */; };
		957094D31EA2B20800268236 /* ProductSummaryTableViewController.storyboard in Resources */ = {isa = PBXBuildFile; fileRef = 957094D21EA2B20800268236 /* ProductSummaryTableViewController.storyboard */; };
		957094D61EA2B47000268236 /* ProductIngredientsViewController.storyboard in Resources */ = {isa = PBXBuildFile; fileRef = 957094D51EA2B47000268236 /* ProductIngredientsViewController.storyboard */; };
		957094D91EA2B4B100268236 /* ProductNutritionViewController.storyboard in Resources */ = {isa = PBXBuildFile; fileRef = 957094D81EA2B4B100268236 /* ProductNutritionViewController.storyboard */; };
		957094DB1EA3CFFB00268236 /* Settings.storyboard in Resources */ = {isa = PBXBuildFile; fileRef = 957094DA1EA3CFFB00268236 /* Settings.storyboard */; };
		95719CE21EAB854400287674 /* SummaryRowTableViewCell.swift in Sources */ = {isa = PBXBuildFile; fileRef = 95719CE01EAB854400287674 /* SummaryRowTableViewCell.swift */; };
		95719CE31EAB854400287674 /* SummaryRowTableViewCell.xib in Resources */ = {isa = PBXBuildFile; fileRef = 95719CE11EAB854400287674 /* SummaryRowTableViewCell.xib */; };
		95C265121E96D55B004212EC /* AppDelegate.swift in Sources */ = {isa = PBXBuildFile; fileRef = 95C265111E96D55B004212EC /* AppDelegate.swift */; };
		95C265171E96D55B004212EC /* Main.storyboard in Resources */ = {isa = PBXBuildFile; fileRef = 95C265151E96D55B004212EC /* Main.storyboard */; };
		95C265191E96D55B004212EC /* Assets.xcassets in Resources */ = {isa = PBXBuildFile; fileRef = 95C265181E96D55B004212EC /* Assets.xcassets */; };
		95C2651C1E96D55B004212EC /* LaunchScreen.storyboard in Resources */ = {isa = PBXBuildFile; fileRef = 95C2651A1E96D55B004212EC /* LaunchScreen.storyboard */; };
		95C265251E96D5C2004212EC /* AVFoundation.framework in Frameworks */ = {isa = PBXBuildFile; fileRef = 95C265241E96D5C2004212EC /* AVFoundation.framework */; };
		95C265291E96D6F0004212EC /* CameraViewController.swift in Sources */ = {isa = PBXBuildFile; fileRef = 95C265281E96D6F0004212EC /* CameraViewController.swift */; };
		95C2652D1E96DE6D004212EC /* MobileCoreServices.framework in Frameworks */ = {isa = PBXBuildFile; fileRef = 95C2652C1E96DE6D004212EC /* MobileCoreServices.framework */; };
		95C2652F1E9A7246004212EC /* ProductsViewController.swift in Sources */ = {isa = PBXBuildFile; fileRef = 95C2652E1E9A7246004212EC /* ProductsViewController.swift */; };
		95C3680E1E9FD356008BB582 /* AlamofireObjectMapper.framework in Frameworks */ = {isa = PBXBuildFile; fileRef = 95C3680D1E9FD356008BB582 /* AlamofireObjectMapper.framework */; };
		95C3680F1E9FD35B008BB582 /* ObjectMapper.framework in Frameworks */ = {isa = PBXBuildFile; fileRef = 95C368091E9ECC0C008BB582 /* ObjectMapper.framework */; };
		95C368111E9FD95F008BB582 /* ProductsResponse.swift in Sources */ = {isa = PBXBuildFile; fileRef = 95C368101E9FD95F008BB582 /* ProductsResponse.swift */; };
		95C368131E9FDCD1008BB582 /* OFFReadAPIkeysJSON.swift in Sources */ = {isa = PBXBuildFile; fileRef = 95C368121E9FDCD1008BB582 /* OFFReadAPIkeysJSON.swift */; };
		95CB99A71EA55BF900CBDDF9 /* String.swift in Sources */ = {isa = PBXBuildFile; fileRef = 95CB99A61EA55BF900CBDDF9 /* String.swift */; };
		95CB99C81EA8014A00CBDDF9 /* SummaryHeaderTableViewCell.swift in Sources */ = {isa = PBXBuildFile; fileRef = 95CB99C61EA8014A00CBDDF9 /* SummaryHeaderTableViewCell.swift */; };
		95CB99C91EA8014A00CBDDF9 /* SummaryHeaderTableViewCell.xib in Resources */ = {isa = PBXBuildFile; fileRef = 95CB99C71EA8014A00CBDDF9 /* SummaryHeaderTableViewCell.xib */; };
		95D6A7561E9A8CA20017B423 /* ScannerViewController.swift in Sources */ = {isa = PBXBuildFile; fileRef = 95D6A7551E9A8CA20017B423 /* ScannerViewController.swift */; };
		95D6A75D1E9C08520017B423 /* ProductTableViewCell.swift in Sources */ = {isa = PBXBuildFile; fileRef = 95D6A75B1E9C08520017B423 /* ProductTableViewCell.swift */; };
		95D6A75E1E9C08520017B423 /* ProductTableViewCell.xib in Resources */ = {isa = PBXBuildFile; fileRef = 95D6A75C1E9C08520017B423 /* ProductTableViewCell.xib */; };
		95D6A7611E9C0B410017B423 /* SearchTableViewController.swift in Sources */ = {isa = PBXBuildFile; fileRef = 95D6A7601E9C0B410017B423 /* SearchTableViewController.swift */; };
		95D6A7641E9C18FD0017B423 /* Product.swift in Sources */ = {isa = PBXBuildFile; fileRef = 95D6A7631E9C18FD0017B423 /* Product.swift */; };
		95D6A7691E9D54AF0017B423 /* EmptyProductsView.xib in Resources */ = {isa = PBXBuildFile; fileRef = 95D6A7681E9D54AF0017B423 /* EmptyProductsView.xib */; };
/* End PBXBuildFile section */

/* Begin PBXFileReference section */
		9527E7861E9EBDD200833F04 /* Alamofire.framework */ = {isa = PBXFileReference; lastKnownFileType = wrapper.framework; name = Alamofire.framework; path = ../Carthage/Build/iOS/Alamofire.framework; sourceTree = "<group>"; };
		953C2BE31E9EC22200FD99D4 /* Alamofire.framework */ = {isa = PBXFileReference; lastKnownFileType = wrapper.framework; name = Alamofire.framework; path = Carthage/Build/iOS/Alamofire.framework; sourceTree = "<group>"; };
		953F0E381EAB8CBC006C60F6 /* ProductInfo.swift */ = {isa = PBXFileReference; fileEncoding = 4; lastKnownFileType = sourcecode.swift; path = ProductInfo.swift; sourceTree = "<group>"; };
		957094AE1EA124E800268236 /* ProductService.swift */ = {isa = PBXFileReference; fileEncoding = 4; lastKnownFileType = sourcecode.swift; path = ProductService.swift; sourceTree = "<group>"; };
		957094B01EA163CF00268236 /* Kingfisher.framework */ = {isa = PBXFileReference; lastKnownFileType = wrapper.framework; name = Kingfisher.framework; path = Carthage/Build/iOS/Kingfisher.framework; sourceTree = "<group>"; };
		957094B31EA16C4B00268236 /* ProductDetailViewController.swift */ = {isa = PBXFileReference; fileEncoding = 4; lastKnownFileType = sourcecode.swift; path = ProductDetailViewController.swift; sourceTree = "<group>"; };
		957094B91EA24DFC00268236 /* XLPagerTabStrip.framework */ = {isa = PBXFileReference; lastKnownFileType = wrapper.framework; name = XLPagerTabStrip.framework; path = Carthage/Build/iOS/XLPagerTabStrip.framework; sourceTree = "<group>"; };
		957094BD1EA2625A00268236 /* ProductDetailViewController.storyboard */ = {isa = PBXFileReference; fileEncoding = 4; lastKnownFileType = file.storyboard; path = ProductDetailViewController.storyboard; sourceTree = "<group>"; };
		957094C31EA26A1D00268236 /* ButtonBarView.xib */ = {isa = PBXFileReference; fileEncoding = 4; lastKnownFileType = file.xib; path = ButtonBarView.xib; sourceTree = "<group>"; };
		957094C51EA26BFF00268236 /* ProductSummaryTableViewController.swift */ = {isa = PBXFileReference; fileEncoding = 4; lastKnownFileType = sourcecode.swift; path = ProductSummaryTableViewController.swift; sourceTree = "<group>"; };
		957094C71EA26C5B00268236 /* ProductIngredientsViewController.swift */ = {isa = PBXFileReference; fileEncoding = 4; lastKnownFileType = sourcecode.swift; path = ProductIngredientsViewController.swift; sourceTree = "<group>"; };
		957094C91EA26C8800268236 /* ProductNutritionViewController.swift */ = {isa = PBXFileReference; fileEncoding = 4; lastKnownFileType = sourcecode.swift; path = ProductNutritionViewController.swift; sourceTree = "<group>"; };
		957094D21EA2B20800268236 /* ProductSummaryTableViewController.storyboard */ = {isa = PBXFileReference; fileEncoding = 4; lastKnownFileType = file.storyboard; path = ProductSummaryTableViewController.storyboard; sourceTree = "<group>"; };
		957094D51EA2B47000268236 /* ProductIngredientsViewController.storyboard */ = {isa = PBXFileReference; fileEncoding = 4; lastKnownFileType = file.storyboard; path = ProductIngredientsViewController.storyboard; sourceTree = "<group>"; };
		957094D81EA2B4B100268236 /* ProductNutritionViewController.storyboard */ = {isa = PBXFileReference; fileEncoding = 4; lastKnownFileType = file.storyboard; path = ProductNutritionViewController.storyboard; sourceTree = "<group>"; };
		957094DA1EA3CFFB00268236 /* Settings.storyboard */ = {isa = PBXFileReference; fileEncoding = 4; lastKnownFileType = file.storyboard; path = Settings.storyboard; sourceTree = "<group>"; };
		95719CE01EAB854400287674 /* SummaryRowTableViewCell.swift */ = {isa = PBXFileReference; fileEncoding = 4; lastKnownFileType = sourcecode.swift; path = SummaryRowTableViewCell.swift; sourceTree = "<group>"; };
		95719CE11EAB854400287674 /* SummaryRowTableViewCell.xib */ = {isa = PBXFileReference; fileEncoding = 4; lastKnownFileType = file.xib; path = SummaryRowTableViewCell.xib; sourceTree = "<group>"; };
		95C2650E1E96D55B004212EC /* OpenFoodFacts.app */ = {isa = PBXFileReference; explicitFileType = wrapper.application; includeInIndex = 0; path = OpenFoodFacts.app; sourceTree = BUILT_PRODUCTS_DIR; };
		95C265111E96D55B004212EC /* AppDelegate.swift */ = {isa = PBXFileReference; lastKnownFileType = sourcecode.swift; path = AppDelegate.swift; sourceTree = "<group>"; };
		95C265161E96D55B004212EC /* Base */ = {isa = PBXFileReference; lastKnownFileType = file.storyboard; name = Base; path = Base.lproj/Main.storyboard; sourceTree = "<group>"; };
		95C265181E96D55B004212EC /* Assets.xcassets */ = {isa = PBXFileReference; lastKnownFileType = folder.assetcatalog; path = Assets.xcassets; sourceTree = "<group>"; };
		95C2651B1E96D55B004212EC /* Base */ = {isa = PBXFileReference; lastKnownFileType = file.storyboard; name = Base; path = Base.lproj/LaunchScreen.storyboard; sourceTree = "<group>"; };
		95C2651D1E96D55B004212EC /* Info.plist */ = {isa = PBXFileReference; lastKnownFileType = text.plist.xml; path = Info.plist; sourceTree = "<group>"; };
		95C265241E96D5C2004212EC /* AVFoundation.framework */ = {isa = PBXFileReference; lastKnownFileType = wrapper.framework; name = AVFoundation.framework; path = System/Library/Frameworks/AVFoundation.framework; sourceTree = SDKROOT; };
		95C265281E96D6F0004212EC /* CameraViewController.swift */ = {isa = PBXFileReference; fileEncoding = 4; lastKnownFileType = sourcecode.swift; path = CameraViewController.swift; sourceTree = "<group>"; };
		95C2652C1E96DE6D004212EC /* MobileCoreServices.framework */ = {isa = PBXFileReference; lastKnownFileType = wrapper.framework; name = MobileCoreServices.framework; path = System/Library/Frameworks/MobileCoreServices.framework; sourceTree = SDKROOT; };
		95C2652E1E9A7246004212EC /* ProductsViewController.swift */ = {isa = PBXFileReference; fileEncoding = 4; lastKnownFileType = sourcecode.swift; path = ProductsViewController.swift; sourceTree = "<group>"; };
		95C368091E9ECC0C008BB582 /* ObjectMapper.framework */ = {isa = PBXFileReference; lastKnownFileType = wrapper.framework; name = ObjectMapper.framework; path = Carthage/Build/iOS/ObjectMapper.framework; sourceTree = "<group>"; };
		95C3680B1E9FCA79008BB582 /* SwiftyJSON.framework */ = {isa = PBXFileReference; lastKnownFileType = wrapper.framework; name = SwiftyJSON.framework; path = Carthage/Build/iOS/SwiftyJSON.framework; sourceTree = "<group>"; };
		95C3680D1E9FD356008BB582 /* AlamofireObjectMapper.framework */ = {isa = PBXFileReference; lastKnownFileType = wrapper.framework; name = AlamofireObjectMapper.framework; path = Carthage/Build/iOS/AlamofireObjectMapper.framework; sourceTree = "<group>"; };
		95C368101E9FD95F008BB582 /* ProductsResponse.swift */ = {isa = PBXFileReference; fileEncoding = 4; lastKnownFileType = sourcecode.swift; path = ProductsResponse.swift; sourceTree = "<group>"; };
		95C368121E9FDCD1008BB582 /* OFFReadAPIkeysJSON.swift */ = {isa = PBXFileReference; fileEncoding = 4; lastKnownFileType = sourcecode.swift; path = OFFReadAPIkeysJSON.swift; sourceTree = "<group>"; };
		95CB99A61EA55BF900CBDDF9 /* String.swift */ = {isa = PBXFileReference; fileEncoding = 4; lastKnownFileType = sourcecode.swift; path = String.swift; sourceTree = "<group>"; };
		95CB99C61EA8014A00CBDDF9 /* SummaryHeaderTableViewCell.swift */ = {isa = PBXFileReference; fileEncoding = 4; lastKnownFileType = sourcecode.swift; path = SummaryHeaderTableViewCell.swift; sourceTree = "<group>"; };
		95CB99C71EA8014A00CBDDF9 /* SummaryHeaderTableViewCell.xib */ = {isa = PBXFileReference; fileEncoding = 4; lastKnownFileType = file.xib; path = SummaryHeaderTableViewCell.xib; sourceTree = "<group>"; };
		95D6A7551E9A8CA20017B423 /* ScannerViewController.swift */ = {isa = PBXFileReference; fileEncoding = 4; lastKnownFileType = sourcecode.swift; path = ScannerViewController.swift; sourceTree = "<group>"; };
		95D6A75B1E9C08520017B423 /* ProductTableViewCell.swift */ = {isa = PBXFileReference; fileEncoding = 4; lastKnownFileType = sourcecode.swift; path = ProductTableViewCell.swift; sourceTree = "<group>"; };
		95D6A75C1E9C08520017B423 /* ProductTableViewCell.xib */ = {isa = PBXFileReference; fileEncoding = 4; lastKnownFileType = file.xib; path = ProductTableViewCell.xib; sourceTree = "<group>"; };
		95D6A7601E9C0B410017B423 /* SearchTableViewController.swift */ = {isa = PBXFileReference; fileEncoding = 4; lastKnownFileType = sourcecode.swift; path = SearchTableViewController.swift; sourceTree = "<group>"; };
		95D6A7631E9C18FD0017B423 /* Product.swift */ = {isa = PBXFileReference; fileEncoding = 4; lastKnownFileType = sourcecode.swift; path = Product.swift; sourceTree = "<group>"; };
		95D6A7681E9D54AF0017B423 /* EmptyProductsView.xib */ = {isa = PBXFileReference; fileEncoding = 4; lastKnownFileType = file.xib; path = EmptyProductsView.xib; sourceTree = "<group>"; };
/* End PBXFileReference section */

/* Begin PBXFrameworksBuildPhase section */
		95C2650B1E96D55B004212EC /* Frameworks */ = {
			isa = PBXFrameworksBuildPhase;
			buildActionMask = 2147483647;
			files = (
				957094BA1EA24DFC00268236 /* XLPagerTabStrip.framework in Frameworks */,
				957094B11EA163CF00268236 /* Kingfisher.framework in Frameworks */,
				95C3680E1E9FD356008BB582 /* AlamofireObjectMapper.framework in Frameworks */,
				95C3680F1E9FD35B008BB582 /* ObjectMapper.framework in Frameworks */,
				95C2652D1E96DE6D004212EC /* MobileCoreServices.framework in Frameworks */,
				95C265251E96D5C2004212EC /* AVFoundation.framework in Frameworks */,
				953C2BE41E9EC22200FD99D4 /* Alamofire.framework in Frameworks */,
			);
			runOnlyForDeploymentPostprocessing = 0;
		};
/* End PBXFrameworksBuildPhase section */

/* Begin PBXGroup section */
		9527E7881E9EBDDC00833F04 /* Network */ = {
			isa = PBXGroup;
			children = (
				957094AE1EA124E800268236 /* ProductService.swift */,
			);
			path = Network;
			sourceTree = "<group>";
		};
		957094C01EA269B600268236 /* ProductButtonBar */ = {
			isa = PBXGroup;
			children = (
				957094C31EA26A1D00268236 /* ButtonBarView.xib */,
			);
			path = ProductButtonBar;
			sourceTree = "<group>";
		};
		957094D01EA2B1CA00268236 /* ProductDetailViewController */ = {
			isa = PBXGroup;
			children = (
				957094BD1EA2625A00268236 /* ProductDetailViewController.storyboard */,
			);
			path = ProductDetailViewController;
			sourceTree = "<group>";
		};
		957094D11EA2B1D400268236 /* ProductSummary */ = {
			isa = PBXGroup;
			children = (
				957094D21EA2B20800268236 /* ProductSummaryTableViewController.storyboard */,
				95CB99C61EA8014A00CBDDF9 /* SummaryHeaderTableViewCell.swift */,
				95CB99C71EA8014A00CBDDF9 /* SummaryHeaderTableViewCell.xib */,
				95719CE01EAB854400287674 /* SummaryRowTableViewCell.swift */,
				95719CE11EAB854400287674 /* SummaryRowTableViewCell.xib */,
			);
			path = ProductSummary;
			sourceTree = "<group>";
		};
		957094D41EA2B46300268236 /* ProductIngredients */ = {
			isa = PBXGroup;
			children = (
				957094D51EA2B47000268236 /* ProductIngredientsViewController.storyboard */,
			);
			path = ProductIngredients;
			sourceTree = "<group>";
		};
		957094D71EA2B4A400268236 /* ProductNutrition */ = {
			isa = PBXGroup;
			children = (
				957094D81EA2B4B100268236 /* ProductNutritionViewController.storyboard */,
			);
			path = ProductNutrition;
			sourceTree = "<group>";
		};
		957094DC1EA3D00500268236 /* Settings */ = {
			isa = PBXGroup;
			children = (
				957094DA1EA3CFFB00268236 /* Settings.storyboard */,
			);
			path = Settings;
			sourceTree = "<group>";
		};
		95C265051E96D55B004212EC = {
			isa = PBXGroup;
			children = (
				95C265231E96D5C2004212EC /* Frameworks */,
				95C265101E96D55B004212EC /* OpenFoodFacts */,
				95C2650F1E96D55B004212EC /* Products */,
			);
			sourceTree = "<group>";
		};
		95C2650F1E96D55B004212EC /* Products */ = {
			isa = PBXGroup;
			children = (
				95C2650E1E96D55B004212EC /* OpenFoodFacts.app */,
			);
			name = Products;
			sourceTree = "<group>";
		};
		95C265101E96D55B004212EC /* OpenFoodFacts */ = {
			isa = PBXGroup;
			children = (
				95CB99A51EA55BEF00CBDDF9 /* Extensions */,
				95D6A7621E9C18F00017B423 /* Models */,
				9527E7881E9EBDDC00833F04 /* Network */,
				95C2652A1E96D6FA004212EC /* ViewControllers */,
				95D6A7591E9C080A0017B423 /* Views */,
				95C265111E96D55B004212EC /* AppDelegate.swift */,
				95C265181E96D55B004212EC /* Assets.xcassets */,
				95C2651D1E96D55B004212EC /* Info.plist */,
				95C2651A1E96D55B004212EC /* LaunchScreen.storyboard */,
				95C265151E96D55B004212EC /* Main.storyboard */,
			);
			path = OpenFoodFacts;
			sourceTree = "<group>";
		};
		95C265231E96D5C2004212EC /* Frameworks */ = {
			isa = PBXGroup;
			children = (
				957094B91EA24DFC00268236 /* XLPagerTabStrip.framework */,
				957094B01EA163CF00268236 /* Kingfisher.framework */,
				95C3680D1E9FD356008BB582 /* AlamofireObjectMapper.framework */,
				95C3680B1E9FCA79008BB582 /* SwiftyJSON.framework */,
				95C368091E9ECC0C008BB582 /* ObjectMapper.framework */,
				953C2BE31E9EC22200FD99D4 /* Alamofire.framework */,
				9527E7861E9EBDD200833F04 /* Alamofire.framework */,
				95C2652C1E96DE6D004212EC /* MobileCoreServices.framework */,
				95C265241E96D5C2004212EC /* AVFoundation.framework */,
			);
			name = Frameworks;
			sourceTree = "<group>";
		};
		95C2652A1E96D6FA004212EC /* ViewControllers */ = {
			isa = PBXGroup;
			children = (
				95C2652B1E96D705004212EC /* Products */,
				95D6A75F1E9C0B2F0017B423 /* Search */,
			);
			path = ViewControllers;
			sourceTree = "<group>";
		};
		95C2652B1E96D705004212EC /* Products */ = {
			isa = PBXGroup;
			children = (
				95C265281E96D6F0004212EC /* CameraViewController.swift */,
				957094B31EA16C4B00268236 /* ProductDetailViewController.swift */,
				957094C71EA26C5B00268236 /* ProductIngredientsViewController.swift */,
				957094C91EA26C8800268236 /* ProductNutritionViewController.swift */,
				957094C51EA26BFF00268236 /* ProductSummaryTableViewController.swift */,
				95C2652E1E9A7246004212EC /* ProductsViewController.swift */,
			);
			path = Products;
			sourceTree = "<group>";
		};
		95CB99A51EA55BEF00CBDDF9 /* Extensions */ = {
			isa = PBXGroup;
			children = (
				95CB99A61EA55BF900CBDDF9 /* String.swift */,
			);
			path = Extensions;
			sourceTree = "<group>";
		};
		95D6A7591E9C080A0017B423 /* Views */ = {
			isa = PBXGroup;
			children = (
				95D6A7671E9D54890017B423 /* EmptyProductsView */,
				957094C01EA269B600268236 /* ProductButtonBar */,
				957094D01EA2B1CA00268236 /* ProductDetailViewController */,
				957094D41EA2B46300268236 /* ProductIngredients */,
				957094D71EA2B4A400268236 /* ProductNutrition */,
				957094D11EA2B1D400268236 /* ProductSummary */,
				95D6A75A1E9C081B0017B423 /* ProductTableViewCell */,
				957094DC1EA3D00500268236 /* Settings */,
			);
			path = Views;
			sourceTree = "<group>";
		};
		95D6A75A1E9C081B0017B423 /* ProductTableViewCell */ = {
			isa = PBXGroup;
			children = (
				95D6A75B1E9C08520017B423 /* ProductTableViewCell.swift */,
				95D6A75C1E9C08520017B423 /* ProductTableViewCell.xib */,
			);
			path = ProductTableViewCell;
			sourceTree = "<group>";
		};
		95D6A75F1E9C0B2F0017B423 /* Search */ = {
			isa = PBXGroup;
			children = (
				95D6A7551E9A8CA20017B423 /* ScannerViewController.swift */,
				95D6A7601E9C0B410017B423 /* SearchTableViewController.swift */,
			);
			path = Search;
			sourceTree = "<group>";
		};
		95D6A7621E9C18F00017B423 /* Models */ = {
			isa = PBXGroup;
			children = (
				95C368121E9FDCD1008BB582 /* OFFReadAPIkeysJSON.swift */,
				95D6A7631E9C18FD0017B423 /* Product.swift */,
				95C368101E9FD95F008BB582 /* ProductsResponse.swift */,
				953F0E381EAB8CBC006C60F6 /* ProductInfo.swift */,
			);
			path = Models;
			sourceTree = "<group>";
		};
		95D6A7671E9D54890017B423 /* EmptyProductsView */ = {
			isa = PBXGroup;
			children = (
				95D6A7681E9D54AF0017B423 /* EmptyProductsView.xib */,
			);
			path = EmptyProductsView;
			sourceTree = "<group>";
		};
/* End PBXGroup section */

/* Begin PBXNativeTarget section */
		95C2650D1E96D55B004212EC /* OpenFoodFacts */ = {
			isa = PBXNativeTarget;
			buildConfigurationList = 95C265201E96D55B004212EC /* Build configuration list for PBXNativeTarget "OpenFoodFacts" */;
			buildPhases = (
				95C2650A1E96D55B004212EC /* Sources */,
				95C2650B1E96D55B004212EC /* Frameworks */,
				95C2650C1E96D55B004212EC /* Resources */,
				95C368081E9EC999008BB582 /* ShellScript */,
			);
			buildRules = (
			);
			dependencies = (
			);
			name = OpenFoodFacts;
			productName = OpenFoodFacts;
			productReference = 95C2650E1E96D55B004212EC /* OpenFoodFacts.app */;
			productType = "com.apple.product-type.application";
		};
/* End PBXNativeTarget section */

/* Begin PBXProject section */
		95C265061E96D55B004212EC /* Project object */ = {
			isa = PBXProject;
			attributes = {
				LastSwiftUpdateCheck = 0830;
				LastUpgradeCheck = 0830;
				ORGANIZATIONNAME = "Andrés Pizá Bückmann";
				TargetAttributes = {
					95C2650D1E96D55B004212EC = {
						CreatedOnToolsVersion = 8.3;
						DevelopmentTeam = JVHN2X67GT;
						ProvisioningStyle = Automatic;
					};
				};
			};
			buildConfigurationList = 95C265091E96D55B004212EC /* Build configuration list for PBXProject "OpenFoodFacts" */;
			compatibilityVersion = "Xcode 3.2";
			developmentRegion = English;
			hasScannedForEncodings = 0;
			knownRegions = (
				en,
				Base,
			);
			mainGroup = 95C265051E96D55B004212EC;
			productRefGroup = 95C2650F1E96D55B004212EC /* Products */;
			projectDirPath = "";
			projectRoot = "";
			targets = (
				95C2650D1E96D55B004212EC /* OpenFoodFacts */,
			);
		};
/* End PBXProject section */

/* Begin PBXResourcesBuildPhase section */
		95C2650C1E96D55B004212EC /* Resources */ = {
			isa = PBXResourcesBuildPhase;
			buildActionMask = 2147483647;
			files = (
				95D6A7691E9D54AF0017B423 /* EmptyProductsView.xib in Resources */,
				95CB99C91EA8014A00CBDDF9 /* SummaryHeaderTableViewCell.xib in Resources */,
				957094D61EA2B47000268236 /* ProductIngredientsViewController.storyboard in Resources */,
				957094DB1EA3CFFB00268236 /* Settings.storyboard in Resources */,
				95C2651C1E96D55B004212EC /* LaunchScreen.storyboard in Resources */,
				957094BE1EA2625A00268236 /* ProductDetailViewController.storyboard in Resources */,
				95D6A75E1E9C08520017B423 /* ProductTableViewCell.xib in Resources */,
				95719CE31EAB854400287674 /* SummaryRowTableViewCell.xib in Resources */,
				957094D31EA2B20800268236 /* ProductSummaryTableViewController.storyboard in Resources */,
				95C265191E96D55B004212EC /* Assets.xcassets in Resources */,
				957094C41EA26A1D00268236 /* ButtonBarView.xib in Resources */,
				957094D91EA2B4B100268236 /* ProductNutritionViewController.storyboard in Resources */,
				95C265171E96D55B004212EC /* Main.storyboard in Resources */,
			);
			runOnlyForDeploymentPostprocessing = 0;
		};
/* End PBXResourcesBuildPhase section */

/* Begin PBXShellScriptBuildPhase section */
		95C368081E9EC999008BB582 /* ShellScript */ = {
			isa = PBXShellScriptBuildPhase;
			buildActionMask = 2147483647;
			files = (
			);
			inputPaths = (
				"$(SRCROOT)/Carthage/Build/iOS/Alamofire.framework",
				"$(SRCROOT)/Carthage/Build/iOS/AlamofireObjectMapper.framework",
				"$(SRCROOT)/Carthage/Build/iOS/ObjectMapper.framework",
				"$(SRCROOT)/Carthage/Build/iOS/Kingfisher.framework",
				"$(SRCROOT)/Carthage/Build/iOS/XLPagerTabStrip.framework",
			);
			outputPaths = (
			);
			runOnlyForDeploymentPostprocessing = 0;
			shellPath = /bin/sh;
			shellScript = "/usr/local/bin/carthage copy-frameworks";
		};
/* End PBXShellScriptBuildPhase section */

/* Begin PBXSourcesBuildPhase section */
		95C2650A1E96D55B004212EC /* Sources */ = {
			isa = PBXSourcesBuildPhase;
			buildActionMask = 2147483647;
			files = (
				95C2652F1E9A7246004212EC /* ProductsViewController.swift in Sources */,
				95D6A7611E9C0B410017B423 /* SearchTableViewController.swift in Sources */,
				95C265291E96D6F0004212EC /* CameraViewController.swift in Sources */,
				953F0E391EAB8CBC006C60F6 /* ProductInfo.swift in Sources */,
				95D6A75D1E9C08520017B423 /* ProductTableViewCell.swift in Sources */,
				95C368131E9FDCD1008BB582 /* OFFReadAPIkeysJSON.swift in Sources */,
				95C265121E96D55B004212EC /* AppDelegate.swift in Sources */,
				95D6A7561E9A8CA20017B423 /* ScannerViewController.swift in Sources */,
				957094CA1EA26C8800268236 /* ProductNutritionViewController.swift in Sources */,
				957094B51EA16C4B00268236 /* ProductDetailViewController.swift in Sources */,
				95C368111E9FD95F008BB582 /* ProductsResponse.swift in Sources */,
				95CB99C81EA8014A00CBDDF9 /* SummaryHeaderTableViewCell.swift in Sources */,
				957094AF1EA124E800268236 /* ProductService.swift in Sources */,
				95D6A7641E9C18FD0017B423 /* Product.swift in Sources */,
				95719CE21EAB854400287674 /* SummaryRowTableViewCell.swift in Sources */,
				95CB99A71EA55BF900CBDDF9 /* String.swift in Sources */,
				957094C61EA26BFF00268236 /* ProductSummaryTableViewController.swift in Sources */,
				957094C81EA26C5B00268236 /* ProductIngredientsViewController.swift in Sources */,
			);
			runOnlyForDeploymentPostprocessing = 0;
		};
/* End PBXSourcesBuildPhase section */

/* Begin PBXVariantGroup section */
		95C265151E96D55B004212EC /* Main.storyboard */ = {
			isa = PBXVariantGroup;
			children = (
				95C265161E96D55B004212EC /* Base */,
			);
			name = Main.storyboard;
			path = .;
			sourceTree = "<group>";
		};
		95C2651A1E96D55B004212EC /* LaunchScreen.storyboard */ = {
			isa = PBXVariantGroup;
			children = (
				95C2651B1E96D55B004212EC /* Base */,
			);
			name = LaunchScreen.storyboard;
			path = .;
			sourceTree = "<group>";
		};
/* End PBXVariantGroup section */

/* Begin XCBuildConfiguration section */
		95C2651E1E96D55B004212EC /* Debug */ = {
			isa = XCBuildConfiguration;
			buildSettings = {
				ALWAYS_SEARCH_USER_PATHS = NO;
				CLANG_ANALYZER_NONNULL = YES;
				CLANG_ANALYZER_NUMBER_OBJECT_CONVERSION = YES_AGGRESSIVE;
				CLANG_CXX_LANGUAGE_STANDARD = "gnu++0x";
				CLANG_CXX_LIBRARY = "libc++";
				CLANG_ENABLE_MODULES = YES;
				CLANG_ENABLE_OBJC_ARC = YES;
				CLANG_WARN_BOOL_CONVERSION = YES;
				CLANG_WARN_CONSTANT_CONVERSION = YES;
				CLANG_WARN_DIRECT_OBJC_ISA_USAGE = YES_ERROR;
				CLANG_WARN_DOCUMENTATION_COMMENTS = YES;
				CLANG_WARN_EMPTY_BODY = YES;
				CLANG_WARN_ENUM_CONVERSION = YES;
				CLANG_WARN_INFINITE_RECURSION = YES;
				CLANG_WARN_INT_CONVERSION = YES;
				CLANG_WARN_OBJC_ROOT_CLASS = YES_ERROR;
				CLANG_WARN_SUSPICIOUS_MOVE = YES;
				CLANG_WARN_UNREACHABLE_CODE = YES;
				CLANG_WARN__DUPLICATE_METHOD_MATCH = YES;
				"CODE_SIGN_IDENTITY[sdk=iphoneos*]" = "iPhone Developer";
				COPY_PHASE_STRIP = NO;
				DEBUG_INFORMATION_FORMAT = dwarf;
				ENABLE_STRICT_OBJC_MSGSEND = YES;
				ENABLE_TESTABILITY = YES;
				GCC_C_LANGUAGE_STANDARD = gnu99;
				GCC_DYNAMIC_NO_PIC = NO;
				GCC_NO_COMMON_BLOCKS = YES;
				GCC_OPTIMIZATION_LEVEL = 0;
				GCC_PREPROCESSOR_DEFINITIONS = (
					"DEBUG=1",
					"$(inherited)",
				);
				GCC_WARN_64_TO_32_BIT_CONVERSION = YES;
				GCC_WARN_ABOUT_RETURN_TYPE = YES_ERROR;
				GCC_WARN_UNDECLARED_SELECTOR = YES;
				GCC_WARN_UNINITIALIZED_AUTOS = YES_AGGRESSIVE;
				GCC_WARN_UNUSED_FUNCTION = YES;
				GCC_WARN_UNUSED_VARIABLE = YES;
				IPHONEOS_DEPLOYMENT_TARGET = 10.3;
				MTL_ENABLE_DEBUG_INFO = YES;
				ONLY_ACTIVE_ARCH = YES;
				SDKROOT = iphoneos;
				SWIFT_ACTIVE_COMPILATION_CONDITIONS = DEBUG;
				SWIFT_OPTIMIZATION_LEVEL = "-Onone";
			};
			name = Debug;
		};
		95C2651F1E96D55B004212EC /* Release */ = {
			isa = XCBuildConfiguration;
			buildSettings = {
				ALWAYS_SEARCH_USER_PATHS = NO;
				CLANG_ANALYZER_NONNULL = YES;
				CLANG_ANALYZER_NUMBER_OBJECT_CONVERSION = YES_AGGRESSIVE;
				CLANG_CXX_LANGUAGE_STANDARD = "gnu++0x";
				CLANG_CXX_LIBRARY = "libc++";
				CLANG_ENABLE_MODULES = YES;
				CLANG_ENABLE_OBJC_ARC = YES;
				CLANG_WARN_BOOL_CONVERSION = YES;
				CLANG_WARN_CONSTANT_CONVERSION = YES;
				CLANG_WARN_DIRECT_OBJC_ISA_USAGE = YES_ERROR;
				CLANG_WARN_DOCUMENTATION_COMMENTS = YES;
				CLANG_WARN_EMPTY_BODY = YES;
				CLANG_WARN_ENUM_CONVERSION = YES;
				CLANG_WARN_INFINITE_RECURSION = YES;
				CLANG_WARN_INT_CONVERSION = YES;
				CLANG_WARN_OBJC_ROOT_CLASS = YES_ERROR;
				CLANG_WARN_SUSPICIOUS_MOVE = YES;
				CLANG_WARN_UNREACHABLE_CODE = YES;
				CLANG_WARN__DUPLICATE_METHOD_MATCH = YES;
				"CODE_SIGN_IDENTITY[sdk=iphoneos*]" = "iPhone Developer";
				COPY_PHASE_STRIP = NO;
				DEBUG_INFORMATION_FORMAT = "dwarf-with-dsym";
				ENABLE_NS_ASSERTIONS = NO;
				ENABLE_STRICT_OBJC_MSGSEND = YES;
				GCC_C_LANGUAGE_STANDARD = gnu99;
				GCC_NO_COMMON_BLOCKS = YES;
				GCC_WARN_64_TO_32_BIT_CONVERSION = YES;
				GCC_WARN_ABOUT_RETURN_TYPE = YES_ERROR;
				GCC_WARN_UNDECLARED_SELECTOR = YES;
				GCC_WARN_UNINITIALIZED_AUTOS = YES_AGGRESSIVE;
				GCC_WARN_UNUSED_FUNCTION = YES;
				GCC_WARN_UNUSED_VARIABLE = YES;
				IPHONEOS_DEPLOYMENT_TARGET = 10.3;
				MTL_ENABLE_DEBUG_INFO = NO;
				SDKROOT = iphoneos;
				SWIFT_OPTIMIZATION_LEVEL = "-Owholemodule";
				VALIDATE_PRODUCT = YES;
			};
			name = Release;
		};
		95C265211E96D55B004212EC /* Debug */ = {
			isa = XCBuildConfiguration;
			buildSettings = {
				ASSETCATALOG_COMPILER_APPICON_NAME = AppIcon;
				DEVELOPMENT_TEAM = JVHN2X67GT;
				FRAMEWORK_SEARCH_PATHS = "$(PROJECT_DIR)/Carthage/Build/iOS";
				INFOPLIST_FILE = OpenFoodFacts/Info.plist;
				LD_RUNPATH_SEARCH_PATHS = "$(inherited) @executable_path/Frameworks";
				PRODUCT_BUNDLE_IDENTIFIER = org.openfoodfacts.OpenFoodFacts;
				PRODUCT_NAME = "$(TARGET_NAME)";
				SWIFT_VERSION = 3.0;
			};
			name = Debug;
		};
		95C265221E96D55B004212EC /* Release */ = {
			isa = XCBuildConfiguration;
			buildSettings = {
				ASSETCATALOG_COMPILER_APPICON_NAME = AppIcon;
				DEVELOPMENT_TEAM = JVHN2X67GT;
				FRAMEWORK_SEARCH_PATHS = "$(PROJECT_DIR)/Carthage/Build/iOS";
				INFOPLIST_FILE = OpenFoodFacts/Info.plist;
				LD_RUNPATH_SEARCH_PATHS = "$(inherited) @executable_path/Frameworks";
				PRODUCT_BUNDLE_IDENTIFIER = org.openfoodfacts.OpenFoodFacts;
				PRODUCT_NAME = "$(TARGET_NAME)";
				SWIFT_VERSION = 3.0;
			};
			name = Release;
		};
/* End XCBuildConfiguration section */

/* Begin XCConfigurationList section */
		95C265091E96D55B004212EC /* Build configuration list for PBXProject "OpenFoodFacts" */ = {
			isa = XCConfigurationList;
			buildConfigurations = (
				95C2651E1E96D55B004212EC /* Debug */,
				95C2651F1E96D55B004212EC /* Release */,
			);
			defaultConfigurationIsVisible = 0;
			defaultConfigurationName = Release;
		};
		95C265201E96D55B004212EC /* Build configuration list for PBXNativeTarget "OpenFoodFacts" */ = {
			isa = XCConfigurationList;
			buildConfigurations = (
				95C265211E96D55B004212EC /* Debug */,
				95C265221E96D55B004212EC /* Release */,
			);
			defaultConfigurationIsVisible = 0;
			defaultConfigurationName = Release;
		};
/* End XCConfigurationList section */
	};
	rootObject = 95C265061E96D55B004212EC /* Project object */;
}
