// !$*UTF8*$!
{
	archiveVersion = 1;
	classes = {
	};
	objectVersion = 46;
	objects = {

/* Begin PBXBuildFile section */
		951FB09D1EB2989A005CAE33 /* InfoPlist.strings in Resources */ = {isa = PBXBuildFile; fileRef = 951FB09F1EB2989A005CAE33 /* InfoPlist.strings */; };
		953664F51ECA212100D6D398 /* NutrimentItem.swift in Sources */ = {isa = PBXBuildFile; fileRef = 953664F41ECA212100D6D398 /* NutrimentItem.swift */; };
		953C2BE41E9EC22200FD99D4 /* Alamofire.framework in Frameworks */ = {isa = PBXBuildFile; fileRef = 953C2BE31E9EC22200FD99D4 /* Alamofire.framework */; };
		955ED9B71EB2901100BB80BA /* EmptyProductsView.xib in Resources */ = {isa = PBXBuildFile; fileRef = 955ED9B91EB2901100BB80BA /* EmptyProductsView.xib */; };
		955ED9BC1EB290F900BB80BA /* Settings.storyboard in Resources */ = {isa = PBXBuildFile; fileRef = 955ED9BE1EB290F900BB80BA /* Settings.storyboard */; };
		956B95931EB28C8A007C0345 /* Localizable.strings in Resources */ = {isa = PBXBuildFile; fileRef = 956B95921EB28C8A007C0345 /* Localizable.strings */; };
		957094AF1EA124E800268236 /* ProductService.swift in Sources */ = {isa = PBXBuildFile; fileRef = 957094AE1EA124E800268236 /* ProductService.swift */; };
		957094B11EA163CF00268236 /* Kingfisher.framework in Frameworks */ = {isa = PBXBuildFile; fileRef = 957094B01EA163CF00268236 /* Kingfisher.framework */; };
		957094B51EA16C4B00268236 /* ProductDetailViewController.swift in Sources */ = {isa = PBXBuildFile; fileRef = 957094B31EA16C4B00268236 /* ProductDetailViewController.swift */; };
		957094BA1EA24DFC00268236 /* XLPagerTabStrip.framework in Frameworks */ = {isa = PBXBuildFile; fileRef = 957094B91EA24DFC00268236 /* XLPagerTabStrip.framework */; };
		957094CA1EA26C8800268236 /* ProductNutritionViewController.swift in Sources */ = {isa = PBXBuildFile; fileRef = 957094C91EA26C8800268236 /* ProductNutritionViewController.swift */; };
		95781B141EBE4E5C003E3256 /* UITableViewCell.swift in Sources */ = {isa = PBXBuildFile; fileRef = 95781B131EBE4E5C003E3256 /* UITableViewCell.swift */; };
		95781B431EBE861F003E3256 /* ProductDetailPageViewController.swift in Sources */ = {isa = PBXBuildFile; fileRef = 95781B421EBE861F003E3256 /* ProductDetailPageViewController.swift */; };
		95781B551EBE89D1003E3256 /* ButtonBarView.xib in Resources */ = {isa = PBXBuildFile; fileRef = 95781B471EBE89D1003E3256 /* ButtonBarView.xib */; };
		95781B561EBE89D1003E3256 /* IngredientHeaderTableViewCell.swift in Sources */ = {isa = PBXBuildFile; fileRef = 95781B491EBE89D1003E3256 /* IngredientHeaderTableViewCell.swift */; };
		95781B571EBE89D1003E3256 /* IngredientHeaderTableViewCell.xib in Resources */ = {isa = PBXBuildFile; fileRef = 95781B4A1EBE89D1003E3256 /* IngredientHeaderTableViewCell.xib */; };
		95781B5C1EBE89D1003E3256 /* SummaryHeaderTableViewCell.swift in Sources */ = {isa = PBXBuildFile; fileRef = 95781B511EBE89D1003E3256 /* SummaryHeaderTableViewCell.swift */; };
		95781B5D1EBE89D1003E3256 /* SummaryHeaderTableViewCell.xib in Resources */ = {isa = PBXBuildFile; fileRef = 95781B521EBE89D1003E3256 /* SummaryHeaderTableViewCell.xib */; };
		95781B621EBF2264003E3256 /* NutritionHeaderTableViewCell.swift in Sources */ = {isa = PBXBuildFile; fileRef = 95781B601EBF2264003E3256 /* NutritionHeaderTableViewCell.swift */; };
		95781B631EBF2264003E3256 /* NutritionHeaderTableViewCell.xib in Resources */ = {isa = PBXBuildFile; fileRef = 95781B611EBF2264003E3256 /* NutritionHeaderTableViewCell.xib */; };
		95781B651EBF2292003E3256 /* ProductDetailViewController.storyboard in Resources */ = {isa = PBXBuildFile; fileRef = 95781B641EBF2292003E3256 /* ProductDetailViewController.storyboard */; };
		95781B681EBF23B0003E3256 /* NutriScoreView.swift in Sources */ = {isa = PBXBuildFile; fileRef = 95781B661EBF23B0003E3256 /* NutriScoreView.swift */; };
		95781B691EBF23B0003E3256 /* NutriScoreView.xib in Resources */ = {isa = PBXBuildFile; fileRef = 95781B671EBF23B0003E3256 /* NutriScoreView.xib */; };
		95781B8E1EC106CB003E3256 /* InfoRowTableViewCell.swift in Sources */ = {isa = PBXBuildFile; fileRef = 95781B8C1EC106CB003E3256 /* InfoRowTableViewCell.swift */; };
		95781B8F1EC106CB003E3256 /* InfoRowTableViewCell.xib in Resources */ = {isa = PBXBuildFile; fileRef = 95781B8D1EC106CB003E3256 /* InfoRowTableViewCell.xib */; };
		95781B941EC23F18003E3256 /* NutritionLevelsTableViewCell.swift in Sources */ = {isa = PBXBuildFile; fileRef = 95781B921EC23F18003E3256 /* NutritionLevelsTableViewCell.swift */; };
		95781B9B1EC26B24003E3256 /* Double.swift in Sources */ = {isa = PBXBuildFile; fileRef = 95781B9A1EC26B24003E3256 /* Double.swift */; };
		95781BA91EC3A079003E3256 /* NutritionLevelsTableViewCell.xib in Resources */ = {isa = PBXBuildFile; fileRef = 95781BA81EC3A079003E3256 /* NutritionLevelsTableViewCell.xib */; };
		95781BBC1EC3A898003E3256 /* OFFReadAPIkeysJSON.swift in Sources */ = {isa = PBXBuildFile; fileRef = 95781BAF1EC3A898003E3256 /* OFFReadAPIkeysJSON.swift */; };
		95781BBD1EC3A898003E3256 /* OFFWriteAPI.swift in Sources */ = {isa = PBXBuildFile; fileRef = 95781BB01EC3A898003E3256 /* OFFWriteAPI.swift */; };
		95781BBE1EC3A898003E3256 /* Product.swift in Sources */ = {isa = PBXBuildFile; fileRef = 95781BB11EC3A898003E3256 /* Product.swift */; };
		95781BBF1EC3A898003E3256 /* ProductsResponse.swift in Sources */ = {isa = PBXBuildFile; fileRef = 95781BB21EC3A898003E3256 /* ProductsResponse.swift */; };
		95781BC01EC3A898003E3256 /* InfoRow.swift in Sources */ = {isa = PBXBuildFile; fileRef = 95781BB41EC3A898003E3256 /* InfoRow.swift */; };
		95781BC11EC3A898003E3256 /* LocalizedString.swift in Sources */ = {isa = PBXBuildFile; fileRef = 95781BB51EC3A898003E3256 /* LocalizedString.swift */; };
		95781BC21EC3A898003E3256 /* ArrayTransform.swift in Sources */ = {isa = PBXBuildFile; fileRef = 95781BB71EC3A898003E3256 /* ArrayTransform.swift */; };
		95781BC31EC3A898003E3256 /* DoubleTransform.swift in Sources */ = {isa = PBXBuildFile; fileRef = 95781BB81EC3A898003E3256 /* DoubleTransform.swift */; };
		95781BC41EC3A898003E3256 /* TagTransform.swift in Sources */ = {isa = PBXBuildFile; fileRef = 95781BB91EC3A898003E3256 /* TagTransform.swift */; };
		95781BC61EC3A8A8003E3256 /* ConfigurableUITableViewCell.swift in Sources */ = {isa = PBXBuildFile; fileRef = 95781BC51EC3A8A8003E3256 /* ConfigurableUITableViewCell.swift */; };
		95C265121E96D55B004212EC /* AppDelegate.swift in Sources */ = {isa = PBXBuildFile; fileRef = 95C265111E96D55B004212EC /* AppDelegate.swift */; };
		95C265171E96D55B004212EC /* Main.storyboard in Resources */ = {isa = PBXBuildFile; fileRef = 95C265151E96D55B004212EC /* Main.storyboard */; };
		95C265191E96D55B004212EC /* Assets.xcassets in Resources */ = {isa = PBXBuildFile; fileRef = 95C265181E96D55B004212EC /* Assets.xcassets */; };
		95C2651C1E96D55B004212EC /* LaunchScreen.storyboard in Resources */ = {isa = PBXBuildFile; fileRef = 95C2651A1E96D55B004212EC /* LaunchScreen.storyboard */; };
		95C265251E96D5C2004212EC /* AVFoundation.framework in Frameworks */ = {isa = PBXBuildFile; fileRef = 95C265241E96D5C2004212EC /* AVFoundation.framework */; };
		95C265291E96D6F0004212EC /* CameraViewController.swift in Sources */ = {isa = PBXBuildFile; fileRef = 95C265281E96D6F0004212EC /* CameraViewController.swift */; };
		95C2652D1E96DE6D004212EC /* MobileCoreServices.framework in Frameworks */ = {isa = PBXBuildFile; fileRef = 95C2652C1E96DE6D004212EC /* MobileCoreServices.framework */; };
		95C2652F1E9A7246004212EC /* ProductsViewController.swift in Sources */ = {isa = PBXBuildFile; fileRef = 95C2652E1E9A7246004212EC /* ProductsViewController.swift */; };
		95C3680E1E9FD356008BB582 /* AlamofireObjectMapper.framework in Frameworks */ = {isa = PBXBuildFile; fileRef = 95C3680D1E9FD356008BB582 /* AlamofireObjectMapper.framework */; };
		95C3680F1E9FD35B008BB582 /* ObjectMapper.framework in Frameworks */ = {isa = PBXBuildFile; fileRef = 95C368091E9ECC0C008BB582 /* ObjectMapper.framework */; };
		95CB99A71EA55BF900CBDDF9 /* String.swift in Sources */ = {isa = PBXBuildFile; fileRef = 95CB99A61EA55BF900CBDDF9 /* String.swift */; };
		95D6A7561E9A8CA20017B423 /* ScannerViewController.swift in Sources */ = {isa = PBXBuildFile; fileRef = 95D6A7551E9A8CA20017B423 /* ScannerViewController.swift */; };
		95D6A75D1E9C08520017B423 /* ProductTableViewCell.swift in Sources */ = {isa = PBXBuildFile; fileRef = 95D6A75B1E9C08520017B423 /* ProductTableViewCell.swift */; };
		95D6A75E1E9C08520017B423 /* ProductTableViewCell.xib in Resources */ = {isa = PBXBuildFile; fileRef = 95D6A75C1E9C08520017B423 /* ProductTableViewCell.xib */; };
		95D6A7611E9C0B410017B423 /* SearchTableViewController.swift in Sources */ = {isa = PBXBuildFile; fileRef = 95D6A7601E9C0B410017B423 /* SearchTableViewController.swift */; };
		95E9F03A1EC6472D00BA20B0 /* NutritionTableHeaderTableViewCell.swift in Sources */ = {isa = PBXBuildFile; fileRef = 95E9F0381EC6472D00BA20B0 /* NutritionTableHeaderTableViewCell.swift */; };
		95E9F03B1EC6472D00BA20B0 /* NutritionTableHeaderTableViewCell.xib in Resources */ = {isa = PBXBuildFile; fileRef = 95E9F0391EC6472D00BA20B0 /* NutritionTableHeaderTableViewCell.xib */; };
		95E9F0401EC64F6600BA20B0 /* NutritionTableRowTableViewCell.swift in Sources */ = {isa = PBXBuildFile; fileRef = 95E9F03E1EC64F6600BA20B0 /* NutritionTableRowTableViewCell.swift */; };
		95E9F0411EC64F6600BA20B0 /* NutritionTableRowTableViewCell.xib in Resources */ = {isa = PBXBuildFile; fileRef = 95E9F03F1EC64F6600BA20B0 /* NutritionTableRowTableViewCell.xib */; };
		95E9F0441EC8D7C500BA20B0 /* Fats.swift in Sources */ = {isa = PBXBuildFile; fileRef = 95E9F0431EC8D7C500BA20B0 /* Fats.swift */; };
		95E9F0471EC8D7D900BA20B0 /* Nutriments.swift in Sources */ = {isa = PBXBuildFile; fileRef = 95E9F0451EC8D7D900BA20B0 /* Nutriments.swift */; };
		95E9F0481EC8D7D900BA20B0 /* NutritionLevels.swift in Sources */ = {isa = PBXBuildFile; fileRef = 95E9F0461EC8D7D900BA20B0 /* NutritionLevels.swift */; };
		95E9F04C1EC8D9EF00BA20B0 /* Vitamins.swift in Sources */ = {isa = PBXBuildFile; fileRef = 95E9F04B1EC8D9EF00BA20B0 /* Vitamins.swift */; };
		95E9F04E1EC8D9FD00BA20B0 /* Proteins.swift in Sources */ = {isa = PBXBuildFile; fileRef = 95E9F04D1EC8D9FD00BA20B0 /* Proteins.swift */; };
		95E9F0501EC8DA0C00BA20B0 /* Minerals.swift in Sources */ = {isa = PBXBuildFile; fileRef = 95E9F04F1EC8DA0C00BA20B0 /* Minerals.swift */; };
		95E9F0521EC8DA6F00BA20B0 /* Carbohydrates.swift in Sources */ = {isa = PBXBuildFile; fileRef = 95E9F0511EC8DA6F00BA20B0 /* Carbohydrates.swift */; };
/* End PBXBuildFile section */

/* Begin PBXFileReference section */
		951FB0991EB29852005CAE33 /* Info.plist */ = {isa = PBXFileReference; fileEncoding = 4; lastKnownFileType = text.plist.xml; path = Info.plist; sourceTree = "<group>"; };
		951FB09E1EB2989A005CAE33 /* en */ = {isa = PBXFileReference; lastKnownFileType = text.plist.strings; name = en; path = en.lproj/InfoPlist.strings; sourceTree = "<group>"; };
		9527E7861E9EBDD200833F04 /* Alamofire.framework */ = {isa = PBXFileReference; lastKnownFileType = wrapper.framework; name = Alamofire.framework; path = ../Carthage/Build/iOS/Alamofire.framework; sourceTree = "<group>"; };
		953664F41ECA212100D6D398 /* NutrimentItem.swift */ = {isa = PBXFileReference; fileEncoding = 4; lastKnownFileType = sourcecode.swift; name = NutrimentItem.swift; path = Nutriments/NutrimentItem.swift; sourceTree = "<group>"; };
		953C2BE31E9EC22200FD99D4 /* Alamofire.framework */ = {isa = PBXFileReference; lastKnownFileType = wrapper.framework; name = Alamofire.framework; path = Carthage/Build/iOS/Alamofire.framework; sourceTree = "<group>"; };
		955ED9B81EB2901100BB80BA /* Base */ = {isa = PBXFileReference; lastKnownFileType = file.xib; name = Base; path = Base.lproj/EmptyProductsView.xib; sourceTree = "<group>"; };
		955ED9BD1EB290F900BB80BA /* Base */ = {isa = PBXFileReference; lastKnownFileType = file.storyboard; name = Base; path = Base.lproj/Settings.storyboard; sourceTree = "<group>"; };
		956B95921EB28C8A007C0345 /* Localizable.strings */ = {isa = PBXFileReference; fileEncoding = 4; lastKnownFileType = text.plist.strings; path = Localizable.strings; sourceTree = "<group>"; };
		957094AE1EA124E800268236 /* ProductService.swift */ = {isa = PBXFileReference; fileEncoding = 4; lastKnownFileType = sourcecode.swift; path = ProductService.swift; sourceTree = "<group>"; };
		957094B01EA163CF00268236 /* Kingfisher.framework */ = {isa = PBXFileReference; lastKnownFileType = wrapper.framework; name = Kingfisher.framework; path = Carthage/Build/iOS/Kingfisher.framework; sourceTree = "<group>"; };
		957094B31EA16C4B00268236 /* ProductDetailViewController.swift */ = {isa = PBXFileReference; fileEncoding = 4; lastKnownFileType = sourcecode.swift; path = ProductDetailViewController.swift; sourceTree = "<group>"; };
		957094B91EA24DFC00268236 /* XLPagerTabStrip.framework */ = {isa = PBXFileReference; lastKnownFileType = wrapper.framework; name = XLPagerTabStrip.framework; path = Carthage/Build/iOS/XLPagerTabStrip.framework; sourceTree = "<group>"; };
		957094C91EA26C8800268236 /* ProductNutritionViewController.swift */ = {isa = PBXFileReference; fileEncoding = 4; lastKnownFileType = sourcecode.swift; path = ProductNutritionViewController.swift; sourceTree = "<group>"; };
		95781B0F1EBBCF3E003E3256 /* en */ = {isa = PBXFileReference; lastKnownFileType = text.plist.strings; name = en; path = en.lproj/Main.strings; sourceTree = "<group>"; };
		95781B101EBBCF5C003E3256 /* en */ = {isa = PBXFileReference; lastKnownFileType = text.plist.strings; name = en; path = en.lproj/LaunchScreen.strings; sourceTree = "<group>"; };
		95781B111EBBCF82003E3256 /* en */ = {isa = PBXFileReference; lastKnownFileType = text.plist.strings; name = en; path = en.lproj/Settings.strings; sourceTree = "<group>"; };
		95781B121EBBCFBA003E3256 /* en */ = {isa = PBXFileReference; lastKnownFileType = text.plist.strings; name = en; path = en.lproj/EmptyProductsView.strings; sourceTree = "<group>"; };
		95781B131EBE4E5C003E3256 /* UITableViewCell.swift */ = {isa = PBXFileReference; fileEncoding = 4; lastKnownFileType = sourcecode.swift; path = UITableViewCell.swift; sourceTree = "<group>"; };
		95781B421EBE861F003E3256 /* ProductDetailPageViewController.swift */ = {isa = PBXFileReference; fileEncoding = 4; lastKnownFileType = sourcecode.swift; path = ProductDetailPageViewController.swift; sourceTree = "<group>"; };
		95781B471EBE89D1003E3256 /* ButtonBarView.xib */ = {isa = PBXFileReference; fileEncoding = 4; lastKnownFileType = file.xib; path = ButtonBarView.xib; sourceTree = "<group>"; };
		95781B491EBE89D1003E3256 /* IngredientHeaderTableViewCell.swift */ = {isa = PBXFileReference; fileEncoding = 4; lastKnownFileType = sourcecode.swift; path = IngredientHeaderTableViewCell.swift; sourceTree = "<group>"; };
		95781B4A1EBE89D1003E3256 /* IngredientHeaderTableViewCell.xib */ = {isa = PBXFileReference; fileEncoding = 4; lastKnownFileType = file.xib; path = IngredientHeaderTableViewCell.xib; sourceTree = "<group>"; };
		95781B511EBE89D1003E3256 /* SummaryHeaderTableViewCell.swift */ = {isa = PBXFileReference; fileEncoding = 4; lastKnownFileType = sourcecode.swift; path = SummaryHeaderTableViewCell.swift; sourceTree = "<group>"; };
		95781B521EBE89D1003E3256 /* SummaryHeaderTableViewCell.xib */ = {isa = PBXFileReference; fileEncoding = 4; lastKnownFileType = file.xib; path = SummaryHeaderTableViewCell.xib; sourceTree = "<group>"; };
		95781B601EBF2264003E3256 /* NutritionHeaderTableViewCell.swift */ = {isa = PBXFileReference; fileEncoding = 4; lastKnownFileType = sourcecode.swift; path = NutritionHeaderTableViewCell.swift; sourceTree = "<group>"; };
		95781B611EBF2264003E3256 /* NutritionHeaderTableViewCell.xib */ = {isa = PBXFileReference; fileEncoding = 4; lastKnownFileType = file.xib; path = NutritionHeaderTableViewCell.xib; sourceTree = "<group>"; };
		95781B641EBF2292003E3256 /* ProductDetailViewController.storyboard */ = {isa = PBXFileReference; fileEncoding = 4; lastKnownFileType = file.storyboard; path = ProductDetailViewController.storyboard; sourceTree = "<group>"; };
		95781B661EBF23B0003E3256 /* NutriScoreView.swift */ = {isa = PBXFileReference; fileEncoding = 4; lastKnownFileType = sourcecode.swift; path = NutriScoreView.swift; sourceTree = "<group>"; };
		95781B671EBF23B0003E3256 /* NutriScoreView.xib */ = {isa = PBXFileReference; fileEncoding = 4; lastKnownFileType = file.xib; path = NutriScoreView.xib; sourceTree = "<group>"; };
		95781B8C1EC106CB003E3256 /* InfoRowTableViewCell.swift */ = {isa = PBXFileReference; fileEncoding = 4; lastKnownFileType = sourcecode.swift; path = InfoRowTableViewCell.swift; sourceTree = "<group>"; };
		95781B8D1EC106CB003E3256 /* InfoRowTableViewCell.xib */ = {isa = PBXFileReference; fileEncoding = 4; lastKnownFileType = file.xib; path = InfoRowTableViewCell.xib; sourceTree = "<group>"; };
		95781B921EC23F18003E3256 /* NutritionLevelsTableViewCell.swift */ = {isa = PBXFileReference; fileEncoding = 4; lastKnownFileType = sourcecode.swift; path = NutritionLevelsTableViewCell.swift; sourceTree = "<group>"; };
		95781B9A1EC26B24003E3256 /* Double.swift */ = {isa = PBXFileReference; fileEncoding = 4; lastKnownFileType = sourcecode.swift; path = Double.swift; sourceTree = "<group>"; };
		95781BA81EC3A079003E3256 /* NutritionLevelsTableViewCell.xib */ = {isa = PBXFileReference; fileEncoding = 4; lastKnownFileType = file.xib; path = NutritionLevelsTableViewCell.xib; sourceTree = "<group>"; };
		95781BAF1EC3A898003E3256 /* OFFReadAPIkeysJSON.swift */ = {isa = PBXFileReference; fileEncoding = 4; lastKnownFileType = sourcecode.swift; path = OFFReadAPIkeysJSON.swift; sourceTree = "<group>"; };
		95781BB01EC3A898003E3256 /* OFFWriteAPI.swift */ = {isa = PBXFileReference; fileEncoding = 4; lastKnownFileType = sourcecode.swift; path = OFFWriteAPI.swift; sourceTree = "<group>"; };
		95781BB11EC3A898003E3256 /* Product.swift */ = {isa = PBXFileReference; fileEncoding = 4; lastKnownFileType = sourcecode.swift; path = Product.swift; sourceTree = "<group>"; };
		95781BB21EC3A898003E3256 /* ProductsResponse.swift */ = {isa = PBXFileReference; fileEncoding = 4; lastKnownFileType = sourcecode.swift; path = ProductsResponse.swift; sourceTree = "<group>"; };
		95781BB41EC3A898003E3256 /* InfoRow.swift */ = {isa = PBXFileReference; fileEncoding = 4; lastKnownFileType = sourcecode.swift; path = InfoRow.swift; sourceTree = "<group>"; };
		95781BB51EC3A898003E3256 /* LocalizedString.swift */ = {isa = PBXFileReference; fileEncoding = 4; lastKnownFileType = sourcecode.swift; path = LocalizedString.swift; sourceTree = "<group>"; };
		95781BB71EC3A898003E3256 /* ArrayTransform.swift */ = {isa = PBXFileReference; fileEncoding = 4; lastKnownFileType = sourcecode.swift; path = ArrayTransform.swift; sourceTree = "<group>"; };
		95781BB81EC3A898003E3256 /* DoubleTransform.swift */ = {isa = PBXFileReference; fileEncoding = 4; lastKnownFileType = sourcecode.swift; path = DoubleTransform.swift; sourceTree = "<group>"; };
		95781BB91EC3A898003E3256 /* TagTransform.swift */ = {isa = PBXFileReference; fileEncoding = 4; lastKnownFileType = sourcecode.swift; path = TagTransform.swift; sourceTree = "<group>"; };
		95781BC51EC3A8A8003E3256 /* ConfigurableUITableViewCell.swift */ = {isa = PBXFileReference; fileEncoding = 4; lastKnownFileType = sourcecode.swift; path = ConfigurableUITableViewCell.swift; sourceTree = "<group>"; };
		95C2650E1E96D55B004212EC /* OpenFoodFacts.app */ = {isa = PBXFileReference; explicitFileType = wrapper.application; includeInIndex = 0; path = OpenFoodFacts.app; sourceTree = BUILT_PRODUCTS_DIR; };
		95C265111E96D55B004212EC /* AppDelegate.swift */ = {isa = PBXFileReference; lastKnownFileType = sourcecode.swift; path = AppDelegate.swift; sourceTree = "<group>"; };
		95C265161E96D55B004212EC /* Base */ = {isa = PBXFileReference; lastKnownFileType = file.storyboard; name = Base; path = Base.lproj/Main.storyboard; sourceTree = "<group>"; };
		95C265181E96D55B004212EC /* Assets.xcassets */ = {isa = PBXFileReference; lastKnownFileType = folder.assetcatalog; path = Assets.xcassets; sourceTree = "<group>"; };
		95C2651B1E96D55B004212EC /* Base */ = {isa = PBXFileReference; lastKnownFileType = file.storyboard; name = Base; path = Base.lproj/LaunchScreen.storyboard; sourceTree = "<group>"; };
		95C265241E96D5C2004212EC /* AVFoundation.framework */ = {isa = PBXFileReference; lastKnownFileType = wrapper.framework; name = AVFoundation.framework; path = System/Library/Frameworks/AVFoundation.framework; sourceTree = SDKROOT; };
		95C265281E96D6F0004212EC /* CameraViewController.swift */ = {isa = PBXFileReference; fileEncoding = 4; lastKnownFileType = sourcecode.swift; path = CameraViewController.swift; sourceTree = "<group>"; };
		95C2652C1E96DE6D004212EC /* MobileCoreServices.framework */ = {isa = PBXFileReference; lastKnownFileType = wrapper.framework; name = MobileCoreServices.framework; path = System/Library/Frameworks/MobileCoreServices.framework; sourceTree = SDKROOT; };
		95C2652E1E9A7246004212EC /* ProductsViewController.swift */ = {isa = PBXFileReference; fileEncoding = 4; lastKnownFileType = sourcecode.swift; path = ProductsViewController.swift; sourceTree = "<group>"; };
		95C368091E9ECC0C008BB582 /* ObjectMapper.framework */ = {isa = PBXFileReference; lastKnownFileType = wrapper.framework; name = ObjectMapper.framework; path = Carthage/Build/iOS/ObjectMapper.framework; sourceTree = "<group>"; };
		95C3680B1E9FCA79008BB582 /* SwiftyJSON.framework */ = {isa = PBXFileReference; lastKnownFileType = wrapper.framework; name = SwiftyJSON.framework; path = Carthage/Build/iOS/SwiftyJSON.framework; sourceTree = "<group>"; };
		95C3680D1E9FD356008BB582 /* AlamofireObjectMapper.framework */ = {isa = PBXFileReference; lastKnownFileType = wrapper.framework; name = AlamofireObjectMapper.framework; path = Carthage/Build/iOS/AlamofireObjectMapper.framework; sourceTree = "<group>"; };
		95CB99A61EA55BF900CBDDF9 /* String.swift */ = {isa = PBXFileReference; fileEncoding = 4; lastKnownFileType = sourcecode.swift; path = String.swift; sourceTree = "<group>"; };
		95D6A7551E9A8CA20017B423 /* ScannerViewController.swift */ = {isa = PBXFileReference; fileEncoding = 4; lastKnownFileType = sourcecode.swift; path = ScannerViewController.swift; sourceTree = "<group>"; };
		95D6A75B1E9C08520017B423 /* ProductTableViewCell.swift */ = {isa = PBXFileReference; fileEncoding = 4; lastKnownFileType = sourcecode.swift; path = ProductTableViewCell.swift; sourceTree = "<group>"; };
		95D6A75C1E9C08520017B423 /* ProductTableViewCell.xib */ = {isa = PBXFileReference; fileEncoding = 4; lastKnownFileType = file.xib; path = ProductTableViewCell.xib; sourceTree = "<group>"; };
		95D6A7601E9C0B410017B423 /* SearchTableViewController.swift */ = {isa = PBXFileReference; fileEncoding = 4; lastKnownFileType = sourcecode.swift; path = SearchTableViewController.swift; sourceTree = "<group>"; };
		95E9F0381EC6472D00BA20B0 /* NutritionTableHeaderTableViewCell.swift */ = {isa = PBXFileReference; fileEncoding = 4; lastKnownFileType = sourcecode.swift; name = NutritionTableHeaderTableViewCell.swift; path = NutritionTable/NutritionTableHeaderTableViewCell.swift; sourceTree = "<group>"; };
		95E9F0391EC6472D00BA20B0 /* NutritionTableHeaderTableViewCell.xib */ = {isa = PBXFileReference; fileEncoding = 4; lastKnownFileType = file.xib; name = NutritionTableHeaderTableViewCell.xib; path = NutritionTable/NutritionTableHeaderTableViewCell.xib; sourceTree = "<group>"; };
		95E9F03E1EC64F6600BA20B0 /* NutritionTableRowTableViewCell.swift */ = {isa = PBXFileReference; fileEncoding = 4; lastKnownFileType = sourcecode.swift; name = NutritionTableRowTableViewCell.swift; path = NutritionTable/NutritionTableRowTableViewCell.swift; sourceTree = "<group>"; };
		95E9F03F1EC64F6600BA20B0 /* NutritionTableRowTableViewCell.xib */ = {isa = PBXFileReference; fileEncoding = 4; lastKnownFileType = file.xib; name = NutritionTableRowTableViewCell.xib; path = NutritionTable/NutritionTableRowTableViewCell.xib; sourceTree = "<group>"; };
		95E9F0431EC8D7C500BA20B0 /* Fats.swift */ = {isa = PBXFileReference; fileEncoding = 4; lastKnownFileType = sourcecode.swift; name = Fats.swift; path = Nutriments/Fats.swift; sourceTree = "<group>"; };
		95E9F0451EC8D7D900BA20B0 /* Nutriments.swift */ = {isa = PBXFileReference; fileEncoding = 4; lastKnownFileType = sourcecode.swift; name = Nutriments.swift; path = Nutriments/Nutriments.swift; sourceTree = "<group>"; };
		95E9F0461EC8D7D900BA20B0 /* NutritionLevels.swift */ = {isa = PBXFileReference; fileEncoding = 4; lastKnownFileType = sourcecode.swift; name = NutritionLevels.swift; path = Nutriments/NutritionLevels.swift; sourceTree = "<group>"; };
		95E9F04B1EC8D9EF00BA20B0 /* Vitamins.swift */ = {isa = PBXFileReference; fileEncoding = 4; lastKnownFileType = sourcecode.swift; name = Vitamins.swift; path = Nutriments/Vitamins.swift; sourceTree = "<group>"; };
		95E9F04D1EC8D9FD00BA20B0 /* Proteins.swift */ = {isa = PBXFileReference; fileEncoding = 4; lastKnownFileType = sourcecode.swift; name = Proteins.swift; path = Nutriments/Proteins.swift; sourceTree = "<group>"; };
		95E9F04F1EC8DA0C00BA20B0 /* Minerals.swift */ = {isa = PBXFileReference; fileEncoding = 4; lastKnownFileType = sourcecode.swift; name = Minerals.swift; path = Nutriments/Minerals.swift; sourceTree = "<group>"; };
		95E9F0511EC8DA6F00BA20B0 /* Carbohydrates.swift */ = {isa = PBXFileReference; fileEncoding = 4; lastKnownFileType = sourcecode.swift; name = Carbohydrates.swift; path = Nutriments/Carbohydrates.swift; sourceTree = "<group>"; };
/* End PBXFileReference section */

/* Begin PBXFrameworksBuildPhase section */
		95C2650B1E96D55B004212EC /* Frameworks */ = {
			isa = PBXFrameworksBuildPhase;
			buildActionMask = 2147483647;
			files = (
				957094BA1EA24DFC00268236 /* XLPagerTabStrip.framework in Frameworks */,
				957094B11EA163CF00268236 /* Kingfisher.framework in Frameworks */,
				95C3680E1E9FD356008BB582 /* AlamofireObjectMapper.framework in Frameworks */,
				95C3680F1E9FD35B008BB582 /* ObjectMapper.framework in Frameworks */,
				95C2652D1E96DE6D004212EC /* MobileCoreServices.framework in Frameworks */,
				95C265251E96D5C2004212EC /* AVFoundation.framework in Frameworks */,
				953C2BE41E9EC22200FD99D4 /* Alamofire.framework in Frameworks */,
			);
			runOnlyForDeploymentPostprocessing = 0;
		};
/* End PBXFrameworksBuildPhase section */

/* Begin PBXGroup section */
		9527E7881E9EBDDC00833F04 /* Network */ = {
			isa = PBXGroup;
			children = (
				957094AE1EA124E800268236 /* ProductService.swift */,
			);
			path = Network;
			sourceTree = "<group>";
		};
		957094DC1EA3D00500268236 /* Settings */ = {
			isa = PBXGroup;
			children = (
				955ED9BE1EB290F900BB80BA /* Settings.storyboard */,
			);
			path = Settings;
			sourceTree = "<group>";
		};
		95781B0E1EBBCDC7003E3256 /* ProductSearch */ = {
			isa = PBXGroup;
			children = (
				955ED9B91EB2901100BB80BA /* EmptyProductsView.xib */,
				95D6A75B1E9C08520017B423 /* ProductTableViewCell.swift */,
				95D6A75C1E9C08520017B423 /* ProductTableViewCell.xib */,
			);
			path = ProductSearch;
			sourceTree = "<group>";
		};
		95781B461EBE89D1003E3256 /* ProductDetail */ = {
			isa = PBXGroup;
			children = (
				95781B471EBE89D1003E3256 /* ButtonBarView.xib */,
				95781B641EBF2292003E3256 /* ProductDetailViewController.storyboard */,
				95781B8C1EC106CB003E3256 /* InfoRowTableViewCell.swift */,
				95781B8D1EC106CB003E3256 /* InfoRowTableViewCell.xib */,
				95781BC51EC3A8A8003E3256 /* ConfigurableUITableViewCell.swift */,
				95E9F0371EC6470700BA20B0 /* NutritionTable */,
				95781B481EBE89D1003E3256 /* Ingredients */,
				95781B4D1EBE89D1003E3256 /* Nutrition */,
				95781B501EBE89D1003E3256 /* Summary */,
			);
			path = ProductDetail;
			sourceTree = "<group>";
		};
		95781B481EBE89D1003E3256 /* Ingredients */ = {
			isa = PBXGroup;
			children = (
				95781B491EBE89D1003E3256 /* IngredientHeaderTableViewCell.swift */,
				95781B4A1EBE89D1003E3256 /* IngredientHeaderTableViewCell.xib */,
			);
			path = Ingredients;
			sourceTree = "<group>";
		};
		95781B4D1EBE89D1003E3256 /* Nutrition */ = {
			isa = PBXGroup;
			children = (
				95781B601EBF2264003E3256 /* NutritionHeaderTableViewCell.swift */,
				95781B611EBF2264003E3256 /* NutritionHeaderTableViewCell.xib */,
				95781B661EBF23B0003E3256 /* NutriScoreView.swift */,
				95781B671EBF23B0003E3256 /* NutriScoreView.xib */,
				95781B921EC23F18003E3256 /* NutritionLevelsTableViewCell.swift */,
				95781BA81EC3A079003E3256 /* NutritionLevelsTableViewCell.xib */,
			);
			path = Nutrition;
			sourceTree = "<group>";
		};
		95781B501EBE89D1003E3256 /* Summary */ = {
			isa = PBXGroup;
			children = (
				95781B511EBE89D1003E3256 /* SummaryHeaderTableViewCell.swift */,
				95781B521EBE89D1003E3256 /* SummaryHeaderTableViewCell.xib */,
			);
			path = Summary;
			sourceTree = "<group>";
		};
		95781BAC1EC3A898003E3256 /* API */ = {
			isa = PBXGroup;
			children = (
				95E9F0421EC8D7AB00BA20B0 /* Nutriments */,
				95781BAF1EC3A898003E3256 /* OFFReadAPIkeysJSON.swift */,
				95781BB01EC3A898003E3256 /* OFFWriteAPI.swift */,
				95781BB11EC3A898003E3256 /* Product.swift */,
				95781BB21EC3A898003E3256 /* ProductsResponse.swift */,
			);
			path = API;
			sourceTree = "<group>";
		};
		95781BB31EC3A898003E3256 /* Common */ = {
			isa = PBXGroup;
			children = (
				95781BB41EC3A898003E3256 /* InfoRow.swift */,
				95781BB51EC3A898003E3256 /* LocalizedString.swift */,
			);
			path = Common;
			sourceTree = "<group>";
		};
		95781BB61EC3A898003E3256 /* Transforms */ = {
			isa = PBXGroup;
			children = (
				95781BB71EC3A898003E3256 /* ArrayTransform.swift */,
				95781BB81EC3A898003E3256 /* DoubleTransform.swift */,
				95781BB91EC3A898003E3256 /* TagTransform.swift */,
			);
			path = Transforms;
			sourceTree = "<group>";
		};
		95C265051E96D55B004212EC = {
			isa = PBXGroup;
			children = (
				95C265231E96D5C2004212EC /* Frameworks */,
				95C265101E96D55B004212EC /* OpenFoodFacts */,
				95C2650F1E96D55B004212EC /* Products */,
			);
			sourceTree = "<group>";
		};
		95C2650F1E96D55B004212EC /* Products */ = {
			isa = PBXGroup;
			children = (
				95C2650E1E96D55B004212EC /* OpenFoodFacts.app */,
			);
			name = Products;
			sourceTree = "<group>";
		};
		95C265101E96D55B004212EC /* OpenFoodFacts */ = {
			isa = PBXGroup;
			children = (
				95CB99A51EA55BEF00CBDDF9 /* Extensions */,
				95D6A7621E9C18F00017B423 /* Models */,
				9527E7881E9EBDDC00833F04 /* Network */,
				95C2652A1E96D6FA004212EC /* ViewControllers */,
				95D6A7591E9C080A0017B423 /* Views */,
				95C265111E96D55B004212EC /* AppDelegate.swift */,
				95C265181E96D55B004212EC /* Assets.xcassets */,
				951FB0991EB29852005CAE33 /* Info.plist */,
				951FB09F1EB2989A005CAE33 /* InfoPlist.strings */,
				95C2651A1E96D55B004212EC /* LaunchScreen.storyboard */,
				956B95921EB28C8A007C0345 /* Localizable.strings */,
				95C265151E96D55B004212EC /* Main.storyboard */,
			);
			path = OpenFoodFacts;
			sourceTree = "<group>";
		};
		95C265231E96D5C2004212EC /* Frameworks */ = {
			isa = PBXGroup;
			children = (
				957094B91EA24DFC00268236 /* XLPagerTabStrip.framework */,
				957094B01EA163CF00268236 /* Kingfisher.framework */,
				95C3680D1E9FD356008BB582 /* AlamofireObjectMapper.framework */,
				95C3680B1E9FCA79008BB582 /* SwiftyJSON.framework */,
				95C368091E9ECC0C008BB582 /* ObjectMapper.framework */,
				953C2BE31E9EC22200FD99D4 /* Alamofire.framework */,
				9527E7861E9EBDD200833F04 /* Alamofire.framework */,
				95C2652C1E96DE6D004212EC /* MobileCoreServices.framework */,
				95C265241E96D5C2004212EC /* AVFoundation.framework */,
			);
			name = Frameworks;
			sourceTree = "<group>";
		};
		95C2652A1E96D6FA004212EC /* ViewControllers */ = {
			isa = PBXGroup;
			children = (
				95C2652B1E96D705004212EC /* Products */,
				95D6A75F1E9C0B2F0017B423 /* Search */,
			);
			path = ViewControllers;
			sourceTree = "<group>";
		};
		95C2652B1E96D705004212EC /* Products */ = {
			isa = PBXGroup;
			children = (
				957094B31EA16C4B00268236 /* ProductDetailViewController.swift */,
				95781B421EBE861F003E3256 /* ProductDetailPageViewController.swift */,
				957094C91EA26C8800268236 /* ProductNutritionViewController.swift */,
				95C2652E1E9A7246004212EC /* ProductsViewController.swift */,
				95C265281E96D6F0004212EC /* CameraViewController.swift */,
			);
			path = Products;
			sourceTree = "<group>";
		};
		95CB99A51EA55BEF00CBDDF9 /* Extensions */ = {
			isa = PBXGroup;
			children = (
				95CB99A61EA55BF900CBDDF9 /* String.swift */,
				95781B131EBE4E5C003E3256 /* UITableViewCell.swift */,
				95781B9A1EC26B24003E3256 /* Double.swift */,
			);
			path = Extensions;
			sourceTree = "<group>";
		};
		95D6A7591E9C080A0017B423 /* Views */ = {
			isa = PBXGroup;
			children = (
				95781B461EBE89D1003E3256 /* ProductDetail */,
				95781B0E1EBBCDC7003E3256 /* ProductSearch */,
				957094DC1EA3D00500268236 /* Settings */,
			);
			path = Views;
			sourceTree = "<group>";
		};
		95D6A75F1E9C0B2F0017B423 /* Search */ = {
			isa = PBXGroup;
			children = (
				95D6A7551E9A8CA20017B423 /* ScannerViewController.swift */,
				95D6A7601E9C0B410017B423 /* SearchTableViewController.swift */,
			);
			path = Search;
			sourceTree = "<group>";
		};
		95D6A7621E9C18F00017B423 /* Models */ = {
			isa = PBXGroup;
			children = (
				95781BAC1EC3A898003E3256 /* API */,
				95781BB31EC3A898003E3256 /* Common */,
				95781BB61EC3A898003E3256 /* Transforms */,
			);
			path = Models;
			sourceTree = "<group>";
		};
		95E9F0371EC6470700BA20B0 /* NutritionTable */ = {
			isa = PBXGroup;
			children = (
				95E9F0381EC6472D00BA20B0 /* NutritionTableHeaderTableViewCell.swift */,
				95E9F0391EC6472D00BA20B0 /* NutritionTableHeaderTableViewCell.xib */,
				95E9F03E1EC64F6600BA20B0 /* NutritionTableRowTableViewCell.swift */,
				95E9F03F1EC64F6600BA20B0 /* NutritionTableRowTableViewCell.xib */,
			);
			name = NutritionTable;
			sourceTree = "<group>";
		};
		95E9F0421EC8D7AB00BA20B0 /* Nutriments */ = {
			isa = PBXGroup;
			children = (
				95E9F0451EC8D7D900BA20B0 /* Nutriments.swift */,
				95E9F0461EC8D7D900BA20B0 /* NutritionLevels.swift */,
				95E9F0431EC8D7C500BA20B0 /* Fats.swift */,
				95E9F0511EC8DA6F00BA20B0 /* Carbohydrates.swift */,
				95E9F04D1EC8D9FD00BA20B0 /* Proteins.swift */,
				95E9F04B1EC8D9EF00BA20B0 /* Vitamins.swift */,
				95E9F04F1EC8DA0C00BA20B0 /* Minerals.swift */,
				953664F41ECA212100D6D398 /* NutrimentItem.swift */,
			);
			name = Nutriments;
			sourceTree = "<group>";
		};
/* End PBXGroup section */

/* Begin PBXNativeTarget section */
		95C2650D1E96D55B004212EC /* OpenFoodFacts */ = {
			isa = PBXNativeTarget;
			buildConfigurationList = 95C265201E96D55B004212EC /* Build configuration list for PBXNativeTarget "OpenFoodFacts" */;
			buildPhases = (
				95C2650A1E96D55B004212EC /* Sources */,
				95C2650B1E96D55B004212EC /* Frameworks */,
				95C2650C1E96D55B004212EC /* Resources */,
				95C368081E9EC999008BB582 /* ShellScript */,
			);
			buildRules = (
			);
			dependencies = (
			);
			name = OpenFoodFacts;
			productName = OpenFoodFacts;
			productReference = 95C2650E1E96D55B004212EC /* OpenFoodFacts.app */;
			productType = "com.apple.product-type.application";
		};
/* End PBXNativeTarget section */

/* Begin PBXProject section */
		95C265061E96D55B004212EC /* Project object */ = {
			isa = PBXProject;
			attributes = {
				LastSwiftUpdateCheck = 0830;
				LastUpgradeCheck = 0830;
				ORGANIZATIONNAME = "Andrés Pizá Bückmann";
				TargetAttributes = {
					95C2650D1E96D55B004212EC = {
						CreatedOnToolsVersion = 8.3;
						DevelopmentTeam = JVHN2X67GT;
						ProvisioningStyle = Automatic;
					};
				};
			};
			buildConfigurationList = 95C265091E96D55B004212EC /* Build configuration list for PBXProject "OpenFoodFacts" */;
			compatibilityVersion = "Xcode 3.2";
			developmentRegion = English;
			hasScannedForEncodings = 0;
			knownRegions = (
				en,
				Base,
			);
			mainGroup = 95C265051E96D55B004212EC;
			productRefGroup = 95C2650F1E96D55B004212EC /* Products */;
			projectDirPath = "";
			projectRoot = "";
			targets = (
				95C2650D1E96D55B004212EC /* OpenFoodFacts */,
			);
		};
/* End PBXProject section */

/* Begin PBXResourcesBuildPhase section */
		95C2650C1E96D55B004212EC /* Resources */ = {
			isa = PBXResourcesBuildPhase;
			buildActionMask = 2147483647;
			files = (
				95781B651EBF2292003E3256 /* ProductDetailViewController.storyboard in Resources */,
				955ED9B71EB2901100BB80BA /* EmptyProductsView.xib in Resources */,
				951FB09D1EB2989A005CAE33 /* InfoPlist.strings in Resources */,
				956B95931EB28C8A007C0345 /* Localizable.strings in Resources */,
				955ED9BC1EB290F900BB80BA /* Settings.storyboard in Resources */,
				95781B8F1EC106CB003E3256 /* InfoRowTableViewCell.xib in Resources */,
				95781B5D1EBE89D1003E3256 /* SummaryHeaderTableViewCell.xib in Resources */,
				95781B631EBF2264003E3256 /* NutritionHeaderTableViewCell.xib in Resources */,
				95781BA91EC3A079003E3256 /* NutritionLevelsTableViewCell.xib in Resources */,
				95C2651C1E96D55B004212EC /* LaunchScreen.storyboard in Resources */,
				95781B551EBE89D1003E3256 /* ButtonBarView.xib in Resources */,
				95E9F03B1EC6472D00BA20B0 /* NutritionTableHeaderTableViewCell.xib in Resources */,
				95E9F0411EC64F6600BA20B0 /* NutritionTableRowTableViewCell.xib in Resources */,
				95D6A75E1E9C08520017B423 /* ProductTableViewCell.xib in Resources */,
				95781B571EBE89D1003E3256 /* IngredientHeaderTableViewCell.xib in Resources */,
				95781B691EBF23B0003E3256 /* NutriScoreView.xib in Resources */,
				95C265191E96D55B004212EC /* Assets.xcassets in Resources */,
				95C265171E96D55B004212EC /* Main.storyboard in Resources */,
			);
			runOnlyForDeploymentPostprocessing = 0;
		};
/* End PBXResourcesBuildPhase section */

/* Begin PBXShellScriptBuildPhase section */
		95C368081E9EC999008BB582 /* ShellScript */ = {
			isa = PBXShellScriptBuildPhase;
			buildActionMask = 2147483647;
			files = (
			);
			inputPaths = (
				"$(SRCROOT)/Carthage/Build/iOS/Alamofire.framework",
				"$(SRCROOT)/Carthage/Build/iOS/AlamofireObjectMapper.framework",
				"$(SRCROOT)/Carthage/Build/iOS/ObjectMapper.framework",
				"$(SRCROOT)/Carthage/Build/iOS/Kingfisher.framework",
				"$(SRCROOT)/Carthage/Build/iOS/XLPagerTabStrip.framework",
			);
			outputPaths = (
			);
			runOnlyForDeploymentPostprocessing = 0;
			shellPath = /bin/sh;
			shellScript = "/usr/local/bin/carthage copy-frameworks";
		};
/* End PBXShellScriptBuildPhase section */

/* Begin PBXSourcesBuildPhase section */
		95C2650A1E96D55B004212EC /* Sources */ = {
			isa = PBXSourcesBuildPhase;
			buildActionMask = 2147483647;
			files = (
				95781BC01EC3A898003E3256 /* InfoRow.swift in Sources */,
				95E9F0441EC8D7C500BA20B0 /* Fats.swift in Sources */,
				95781BBD1EC3A898003E3256 /* OFFWriteAPI.swift in Sources */,
				95E9F03A1EC6472D00BA20B0 /* NutritionTableHeaderTableViewCell.swift in Sources */,
				95781B8E1EC106CB003E3256 /* InfoRowTableViewCell.swift in Sources */,
				95781BC41EC3A898003E3256 /* TagTransform.swift in Sources */,
				95781BC61EC3A8A8003E3256 /* ConfigurableUITableViewCell.swift in Sources */,
				95781B5C1EBE89D1003E3256 /* SummaryHeaderTableViewCell.swift in Sources */,
				95781B681EBF23B0003E3256 /* NutriScoreView.swift in Sources */,
				95C2652F1E9A7246004212EC /* ProductsViewController.swift in Sources */,
				95D6A7611E9C0B410017B423 /* SearchTableViewController.swift in Sources */,
				95C265291E96D6F0004212EC /* CameraViewController.swift in Sources */,
				953664F51ECA212100D6D398 /* NutrimentItem.swift in Sources */,
				95781B431EBE861F003E3256 /* ProductDetailPageViewController.swift in Sources */,
				95E9F0501EC8DA0C00BA20B0 /* Minerals.swift in Sources */,
				95781BC31EC3A898003E3256 /* DoubleTransform.swift in Sources */,
				95781BBC1EC3A898003E3256 /* OFFReadAPIkeysJSON.swift in Sources */,
				95781BBF1EC3A898003E3256 /* ProductsResponse.swift in Sources */,
				95E9F0401EC64F6600BA20B0 /* NutritionTableRowTableViewCell.swift in Sources */,
				95781B941EC23F18003E3256 /* NutritionLevelsTableViewCell.swift in Sources */,
				95D6A75D1E9C08520017B423 /* ProductTableViewCell.swift in Sources */,
				95781B561EBE89D1003E3256 /* IngredientHeaderTableViewCell.swift in Sources */,
				95C265121E96D55B004212EC /* AppDelegate.swift in Sources */,
				95D6A7561E9A8CA20017B423 /* ScannerViewController.swift in Sources */,
				95E9F0481EC8D7D900BA20B0 /* NutritionLevels.swift in Sources */,
				95781BC11EC3A898003E3256 /* LocalizedString.swift in Sources */,
				95781B141EBE4E5C003E3256 /* UITableViewCell.swift in Sources */,
				95781BBE1EC3A898003E3256 /* Product.swift in Sources */,
				957094CA1EA26C8800268236 /* ProductNutritionViewController.swift in Sources */,
				95E9F04C1EC8D9EF00BA20B0 /* Vitamins.swift in Sources */,
				957094B51EA16C4B00268236 /* ProductDetailViewController.swift in Sources */,
				95E9F04E1EC8D9FD00BA20B0 /* Proteins.swift in Sources */,
				95E9F0521EC8DA6F00BA20B0 /* Carbohydrates.swift in Sources */,
				957094AF1EA124E800268236 /* ProductService.swift in Sources */,
				95781B621EBF2264003E3256 /* NutritionHeaderTableViewCell.swift in Sources */,
				95CB99A71EA55BF900CBDDF9 /* String.swift in Sources */,
				95E9F0471EC8D7D900BA20B0 /* Nutriments.swift in Sources */,
				95781BC21EC3A898003E3256 /* ArrayTransform.swift in Sources */,
				95781B9B1EC26B24003E3256 /* Double.swift in Sources */,
			);
			runOnlyForDeploymentPostprocessing = 0;
		};
/* End PBXSourcesBuildPhase section */

/* Begin PBXVariantGroup section */
		951FB09F1EB2989A005CAE33 /* InfoPlist.strings */ = {
			isa = PBXVariantGroup;
			children = (
				951FB09E1EB2989A005CAE33 /* en */,
			);
			name = InfoPlist.strings;
			path = .;
			sourceTree = "<group>";
		};
		955ED9B91EB2901100BB80BA /* EmptyProductsView.xib */ = {
			isa = PBXVariantGroup;
			children = (
				955ED9B81EB2901100BB80BA /* Base */,
				95781B121EBBCFBA003E3256 /* en */,
			);
			name = EmptyProductsView.xib;
			path = .;
			sourceTree = "<group>";
		};
		955ED9BE1EB290F900BB80BA /* Settings.storyboard */ = {
			isa = PBXVariantGroup;
			children = (
				955ED9BD1EB290F900BB80BA /* Base */,
				95781B111EBBCF82003E3256 /* en */,
			);
			name = Settings.storyboard;
			path = .;
			sourceTree = "<group>";
		};
		95C265151E96D55B004212EC /* Main.storyboard */ = {
			isa = PBXVariantGroup;
			children = (
				95C265161E96D55B004212EC /* Base */,
				95781B0F1EBBCF3E003E3256 /* en */,
			);
			name = Main.storyboard;
			path = .;
			sourceTree = "<group>";
		};
		95C2651A1E96D55B004212EC /* LaunchScreen.storyboard */ = {
			isa = PBXVariantGroup;
			children = (
				95C2651B1E96D55B004212EC /* Base */,
				95781B101EBBCF5C003E3256 /* en */,
			);
			name = LaunchScreen.storyboard;
			path = .;
			sourceTree = "<group>";
		};
/* End PBXVariantGroup section */

/* Begin XCBuildConfiguration section */
		95C2651E1E96D55B004212EC /* Debug */ = {
			isa = XCBuildConfiguration;
			buildSettings = {
				ALWAYS_SEARCH_USER_PATHS = NO;
				CLANG_ANALYZER_NONNULL = YES;
				CLANG_ANALYZER_NUMBER_OBJECT_CONVERSION = YES_AGGRESSIVE;
				CLANG_CXX_LANGUAGE_STANDARD = "gnu++0x";
				CLANG_CXX_LIBRARY = "libc++";
				CLANG_ENABLE_MODULES = YES;
				CLANG_ENABLE_OBJC_ARC = YES;
				CLANG_WARN_BOOL_CONVERSION = YES;
				CLANG_WARN_CONSTANT_CONVERSION = YES;
				CLANG_WARN_DIRECT_OBJC_ISA_USAGE = YES_ERROR;
				CLANG_WARN_DOCUMENTATION_COMMENTS = YES;
				CLANG_WARN_EMPTY_BODY = YES;
				CLANG_WARN_ENUM_CONVERSION = YES;
				CLANG_WARN_INFINITE_RECURSION = YES;
				CLANG_WARN_INT_CONVERSION = YES;
				CLANG_WARN_OBJC_ROOT_CLASS = YES_ERROR;
				CLANG_WARN_SUSPICIOUS_MOVE = YES;
				CLANG_WARN_UNREACHABLE_CODE = YES;
				CLANG_WARN__DUPLICATE_METHOD_MATCH = YES;
				"CODE_SIGN_IDENTITY[sdk=iphoneos*]" = "iPhone Developer";
				COPY_PHASE_STRIP = NO;
				DEBUG_INFORMATION_FORMAT = dwarf;
				ENABLE_STRICT_OBJC_MSGSEND = YES;
				ENABLE_TESTABILITY = YES;
				GCC_C_LANGUAGE_STANDARD = gnu99;
				GCC_DYNAMIC_NO_PIC = NO;
				GCC_NO_COMMON_BLOCKS = YES;
				GCC_OPTIMIZATION_LEVEL = 0;
				GCC_PREPROCESSOR_DEFINITIONS = (
					"DEBUG=1",
					"$(inherited)",
				);
				GCC_WARN_64_TO_32_BIT_CONVERSION = YES;
				GCC_WARN_ABOUT_RETURN_TYPE = YES_ERROR;
				GCC_WARN_UNDECLARED_SELECTOR = YES;
				GCC_WARN_UNINITIALIZED_AUTOS = YES_AGGRESSIVE;
				GCC_WARN_UNUSED_FUNCTION = YES;
				GCC_WARN_UNUSED_VARIABLE = YES;
				IPHONEOS_DEPLOYMENT_TARGET = 10.3;
				MTL_ENABLE_DEBUG_INFO = YES;
				ONLY_ACTIVE_ARCH = YES;
				SDKROOT = iphoneos;
				SWIFT_ACTIVE_COMPILATION_CONDITIONS = DEBUG;
				SWIFT_OPTIMIZATION_LEVEL = "-Onone";
			};
			name = Debug;
		};
		95C2651F1E96D55B004212EC /* Release */ = {
			isa = XCBuildConfiguration;
			buildSettings = {
				ALWAYS_SEARCH_USER_PATHS = NO;
				CLANG_ANALYZER_NONNULL = YES;
				CLANG_ANALYZER_NUMBER_OBJECT_CONVERSION = YES_AGGRESSIVE;
				CLANG_CXX_LANGUAGE_STANDARD = "gnu++0x";
				CLANG_CXX_LIBRARY = "libc++";
				CLANG_ENABLE_MODULES = YES;
				CLANG_ENABLE_OBJC_ARC = YES;
				CLANG_WARN_BOOL_CONVERSION = YES;
				CLANG_WARN_CONSTANT_CONVERSION = YES;
				CLANG_WARN_DIRECT_OBJC_ISA_USAGE = YES_ERROR;
				CLANG_WARN_DOCUMENTATION_COMMENTS = YES;
				CLANG_WARN_EMPTY_BODY = YES;
				CLANG_WARN_ENUM_CONVERSION = YES;
				CLANG_WARN_INFINITE_RECURSION = YES;
				CLANG_WARN_INT_CONVERSION = YES;
				CLANG_WARN_OBJC_ROOT_CLASS = YES_ERROR;
				CLANG_WARN_SUSPICIOUS_MOVE = YES;
				CLANG_WARN_UNREACHABLE_CODE = YES;
				CLANG_WARN__DUPLICATE_METHOD_MATCH = YES;
				"CODE_SIGN_IDENTITY[sdk=iphoneos*]" = "iPhone Developer";
				COPY_PHASE_STRIP = NO;
				DEBUG_INFORMATION_FORMAT = "dwarf-with-dsym";
				ENABLE_NS_ASSERTIONS = NO;
				ENABLE_STRICT_OBJC_MSGSEND = YES;
				GCC_C_LANGUAGE_STANDARD = gnu99;
				GCC_NO_COMMON_BLOCKS = YES;
				GCC_WARN_64_TO_32_BIT_CONVERSION = YES;
				GCC_WARN_ABOUT_RETURN_TYPE = YES_ERROR;
				GCC_WARN_UNDECLARED_SELECTOR = YES;
				GCC_WARN_UNINITIALIZED_AUTOS = YES_AGGRESSIVE;
				GCC_WARN_UNUSED_FUNCTION = YES;
				GCC_WARN_UNUSED_VARIABLE = YES;
				IPHONEOS_DEPLOYMENT_TARGET = 10.3;
				MTL_ENABLE_DEBUG_INFO = NO;
				SDKROOT = iphoneos;
				SWIFT_OPTIMIZATION_LEVEL = "-Owholemodule";
				VALIDATE_PRODUCT = YES;
			};
			name = Release;
		};
		95C265211E96D55B004212EC /* Debug */ = {
			isa = XCBuildConfiguration;
			buildSettings = {
				ASSETCATALOG_COMPILER_APPICON_NAME = AppIcon;
				DEVELOPMENT_TEAM = JVHN2X67GT;
				FRAMEWORK_SEARCH_PATHS = "$(PROJECT_DIR)/Carthage/Build/iOS";
				INFOPLIST_FILE = OpenFoodFacts/Info.plist;
				IPHONEOS_DEPLOYMENT_TARGET = 9.0;
				LD_RUNPATH_SEARCH_PATHS = "$(inherited) @executable_path/Frameworks";
				PRODUCT_BUNDLE_IDENTIFIER = org.openfoodfacts.openfoodfacts;
				PRODUCT_NAME = "$(TARGET_NAME)";
				SWIFT_VERSION = 3.0;
			};
			name = Debug;
		};
		95C265221E96D55B004212EC /* Release */ = {
			isa = XCBuildConfiguration;
			buildSettings = {
				ASSETCATALOG_COMPILER_APPICON_NAME = AppIcon;
				DEVELOPMENT_TEAM = JVHN2X67GT;
				FRAMEWORK_SEARCH_PATHS = "$(PROJECT_DIR)/Carthage/Build/iOS";
				INFOPLIST_FILE = OpenFoodFacts/Info.plist;
				IPHONEOS_DEPLOYMENT_TARGET = 9.0;
				LD_RUNPATH_SEARCH_PATHS = "$(inherited) @executable_path/Frameworks";
				PRODUCT_BUNDLE_IDENTIFIER = org.openfoodfacts.openfoodfacts;
				PRODUCT_NAME = "$(TARGET_NAME)";
				SWIFT_VERSION = 3.0;
			};
			name = Release;
		};
/* End XCBuildConfiguration section */

/* Begin XCConfigurationList section */
		95C265091E96D55B004212EC /* Build configuration list for PBXProject "OpenFoodFacts" */ = {
			isa = XCConfigurationList;
			buildConfigurations = (
				95C2651E1E96D55B004212EC /* Debug */,
				95C2651F1E96D55B004212EC /* Release */,
			);
			defaultConfigurationIsVisible = 0;
			defaultConfigurationName = Release;
		};
		95C265201E96D55B004212EC /* Build configuration list for PBXNativeTarget "OpenFoodFacts" */ = {
			isa = XCConfigurationList;
			buildConfigurations = (
				95C265211E96D55B004212EC /* Debug */,
				95C265221E96D55B004212EC /* Release */,
			);
			defaultConfigurationIsVisible = 0;
			defaultConfigurationName = Release;
		};
/* End XCConfigurationList section */
	};
	rootObject = 95C265061E96D55B004212EC /* Project object */;
}
